// !$*UTF8*$!
{
	archiveVersion = 1;
	classes = {
	};
	objectVersion = 46;
	objects = {

/* Begin PBXBuildFile section */
		634E87BB245B1489007CD07F /* SwiftSignalKit.framework in Frameworks */ = {isa = PBXBuildFile; fileRef = 634E87BA245B1489007CD07F /* SwiftSignalKit.framework */; settings = {ATTRIBUTES = (Weak, ); }; };
		E7A30F0479D5066400000000 /* ManagedAudioSession.swift in Sources */ = {isa = PBXBuildFile; fileRef = 1DD70E2979D5066400000000 /* ManagedAudioSession.swift */; };
/* End PBXBuildFile section */

/* Begin PBXFileReference section */
		1DD70E29001F47FB00000000 /* BUCK */ = {isa = PBXFileReference; explicitFileType = text.script.python; path = BUCK; sourceTree = SOURCE_ROOT; };
		1DD70E2952C767AC00000000 /* TelegramAudio-Release.xcconfig */ = {isa = PBXFileReference; explicitFileType = text.xcconfig; name = "TelegramAudio-Release.xcconfig"; path = "../../buck-out/gen/submodules/TelegramAudio/TelegramAudio-Release.xcconfig"; sourceTree = SOURCE_ROOT; };
		1DD70E297711DCE000000000 /* TelegramAudio-Debug.xcconfig */ = {isa = PBXFileReference; explicitFileType = text.xcconfig; name = "TelegramAudio-Debug.xcconfig"; path = "../../buck-out/gen/submodules/TelegramAudio/TelegramAudio-Debug.xcconfig"; sourceTree = SOURCE_ROOT; };
		1DD70E2979D5066400000000 /* ManagedAudioSession.swift */ = {isa = PBXFileReference; lastKnownFileType = sourcecode.swift; name = ManagedAudioSession.swift; path = Sources/ManagedAudioSession.swift; sourceTree = SOURCE_ROOT; };
		1DD70E29D65BA68200000000 /* libSwiftSignalKit.dylib */ = {isa = PBXFileReference; explicitFileType = "compiled.mach-o.dylib"; path = libSwiftSignalKit.dylib; sourceTree = BUILT_PRODUCTS_DIR; };
		1DD70E29DF30BC4A00000000 /* TelegramAudio-Profile.xcconfig */ = {isa = PBXFileReference; explicitFileType = text.xcconfig; name = "TelegramAudio-Profile.xcconfig"; path = "../../buck-out/gen/submodules/TelegramAudio/TelegramAudio-Profile.xcconfig"; sourceTree = SOURCE_ROOT; };
		1DD70E29F33FDAC300000000 /* libTelegramAudio.a */ = {isa = PBXFileReference; explicitFileType = archive.ar; path = libTelegramAudio.a; sourceTree = BUILT_PRODUCTS_DIR; };
		6304BEA2245AF15200FA395E /* SwiftSignalKitFr.framework */ = {isa = PBXFileReference; explicitFileType = wrapper.framework; path = SwiftSignalKitFr.framework; sourceTree = BUILT_PRODUCTS_DIR; };
		634E87BA245B1489007CD07F /* SwiftSignalKit.framework */ = {isa = PBXFileReference; explicitFileType = wrapper.framework; path = SwiftSignalKit.framework; sourceTree = BUILT_PRODUCTS_DIR; };
/* End PBXFileReference section */

/* Begin PBXFrameworksBuildPhase section */
		6304BEA1245AF14C00FA395E /* Frameworks */ = {
			isa = PBXFrameworksBuildPhase;
			buildActionMask = 2147483647;
			files = (
				634E87BB245B1489007CD07F /* SwiftSignalKit.framework in Frameworks */,
			);
			runOnlyForDeploymentPostprocessing = 0;
		};
/* End PBXFrameworksBuildPhase section */

/* Begin PBXGroup section */
		B401C9792F7F325000000000 /* Buck (Do Not Modify) */ = {
			isa = PBXGroup;
			children = (
				1DD70E297711DCE000000000 /* TelegramAudio-Debug.xcconfig */,
				1DD70E29DF30BC4A00000000 /* TelegramAudio-Profile.xcconfig */,
				1DD70E2952C767AC00000000 /* TelegramAudio-Release.xcconfig */,
			);
			name = "Buck (Do Not Modify)";
			sourceTree = "<group>";
		};
		B401C979305F6B3500000000 /* TelegramAudio */ = {
			isa = PBXGroup;
			children = (
				1DD70E29001F47FB00000000 /* BUCK */,
				B401C979EAB5339800000000 /* Sources */,
			);
			name = TelegramAudio;
			sourceTree = "<group>";
		};
		B401C97968022A5500000000 /* Frameworks */ = {
			isa = PBXGroup;
			children = (
				634E87BA245B1489007CD07F /* SwiftSignalKit.framework */,
				6304BEA2245AF15200FA395E /* SwiftSignalKitFr.framework */,
				1DD70E29D65BA68200000000 /* libSwiftSignalKit.dylib */,
			);
			name = Frameworks;
			sourceTree = "<group>";
		};
		B401C979B781F65D00000000 /* Configurations */ = {
			isa = PBXGroup;
			children = (
				B401C9792F7F325000000000 /* Buck (Do Not Modify) */,
			);
			name = Configurations;
			sourceTree = "<group>";
		};
		B401C979C806358400000000 /* Products */ = {
			isa = PBXGroup;
			children = (
				1DD70E29F33FDAC300000000 /* libTelegramAudio.a */,
			);
			name = Products;
			sourceTree = "<group>";
		};
		B401C979EAB5339800000000 /* Sources */ = {
			isa = PBXGroup;
			children = (
				1DD70E2979D5066400000000 /* ManagedAudioSession.swift */,
			);
			name = Sources;
			sourceTree = "<group>";
		};
		B401C979EFB6AC4600000000 /* mainGroup */ = {
			isa = PBXGroup;
			children = (
				B401C979B781F65D00000000 /* Configurations */,
				B401C97968022A5500000000 /* Frameworks */,
				B401C979C806358400000000 /* Products */,
				B401C979305F6B3500000000 /* TelegramAudio */,
			);
			name = mainGroup;
			sourceTree = "<group>";
		};
/* End PBXGroup section */

/* Begin PBXNativeTarget section */
		E66DC04E305F6B3500000000 /* TelegramAudio */ = {
			isa = PBXNativeTarget;
			buildConfigurationList = 218C37090000000000000000 /* Build configuration list for PBXNativeTarget "TelegramAudio" */;
			buildPhases = (
				1870857F0000000000000000 /* Sources */,
				6304BEA1245AF14C00FA395E /* Frameworks */,
			);
			buildRules = (
			);
			dependencies = (
			);
			name = TelegramAudio;
			productName = TelegramAudio;
			productReference = 1DD70E29F33FDAC300000000 /* libTelegramAudio.a */;
			productType = "com.apple.product-type.library.static";
		};
/* End PBXNativeTarget section */

/* Begin PBXProject section */
		96C84793305F6B3500000000 /* Project object */ = {
			isa = PBXProject;
			attributes = {
				LastUpgradeCheck = 9999;
			};
			buildConfigurationList = 218C37090000000000000001 /* Build configuration list for PBXProject "TelegramAudio" */;
			compatibilityVersion = "Xcode 3.2";
			developmentRegion = en;
			hasScannedForEncodings = 0;
			knownRegions = (
				en,
				Base,
			);
			mainGroup = B401C979EFB6AC4600000000 /* mainGroup */;
			projectDirPath = "";
			projectRoot = "";
			targets = (
				E66DC04E305F6B3500000000 /* TelegramAudio */,
			);
		};
/* End PBXProject section */

/* Begin PBXSourcesBuildPhase section */
		1870857F0000000000000000 /* Sources */ = {
			isa = PBXSourcesBuildPhase;
			buildActionMask = 0;
			files = (
				E7A30F0479D5066400000000 /* ManagedAudioSession.swift in Sources */,
			);
			runOnlyForDeploymentPostprocessing = 0;
		};
/* End PBXSourcesBuildPhase section */

/* Begin XCBuildConfiguration section */
		4952437303EDA63300000000 /* Debug */ = {
			isa = XCBuildConfiguration;
			baseConfigurationReference = 1DD70E297711DCE000000000 /* TelegramAudio-Debug.xcconfig */;
			buildSettings = {
			};
			name = Debug;
		};
		4952437303EDA63300000001 /* Debug */ = {
			isa = XCBuildConfiguration;
			buildSettings = {
			};
			name = Debug;
		};
		4952437350C7218900000000 /* Profile */ = {
			isa = XCBuildConfiguration;
			baseConfigurationReference = 1DD70E29DF30BC4A00000000 /* TelegramAudio-Profile.xcconfig */;
			buildSettings = {
			};
			name = Profile;
		};
		4952437350C7218900000001 /* Profile */ = {
			isa = XCBuildConfiguration;
			buildSettings = {
			};
			name = Profile;
		};
		49524373A439BFE700000000 /* Release */ = {
			isa = XCBuildConfiguration;
			baseConfigurationReference = 1DD70E2952C767AC00000000 /* TelegramAudio-Release.xcconfig */;
			buildSettings = {
			};
			name = Release;
		};
		49524373A439BFE700000001 /* Release */ = {
			isa = XCBuildConfiguration;
			buildSettings = {
			};
			name = Release;
		};
/* End XCBuildConfiguration section */

/* Begin XCConfigurationList section */
		218C37090000000000000000 /* Build configuration list for PBXNativeTarget "TelegramAudio" */ = {
			isa = XCConfigurationList;
			buildConfigurations = (
				4952437303EDA63300000000 /* Debug */,
				4952437350C7218900000000 /* Profile */,
				49524373A439BFE700000000 /* Release */,
			);
			defaultConfigurationIsVisible = 0;
			defaultConfigurationName = Release;
		};
		218C37090000000000000001 /* Build configuration list for PBXProject "TelegramAudio" */ = {
			isa = XCConfigurationList;
			buildConfigurations = (
				4952437303EDA63300000001 /* Debug */,
				4952437350C7218900000001 /* Profile */,
				49524373A439BFE700000001 /* Release */,
			);
			defaultConfigurationIsVisible = 0;
			defaultConfigurationName = Release;
		};
/* End XCConfigurationList section */
	};
	rootObject = 96C84793305F6B3500000000 /* Project object */;
}
