<?xml version="1.0" encoding="UTF-8"?>
<!DOCTYPE plist PUBLIC "-//Apple//DTD PLIST 1.0//EN" "http://www.apple.com/DTDs/PropertyList-1.0.dtd">
<plist version="1.0">
<dict>
	<key>archiveVersion</key>
	<string>1</string>
	<key>classes</key>
	<dict>
	</dict>
	<key>objectVersion</key>
	<string>46</string>
	<key>objects</key>
	<dict>
		<key>1DD70E290D3246DA00000000</key>
		<dict>
			<key>isa</key>
			<string>PBXFileReference</string>
			<key>name</key>
			<string>UIKitRuntimeUtils-Debug.xcconfig</string>
			<key>path</key>
			<string>../../buck-out/gen/submodules/UIKitRuntimeUtils/UIKitRuntimeUtils-Debug.xcconfig</string>
			<key>sourceTree</key>
			<string>SOURCE_ROOT</string>
			<key>explicitFileType</key>
			<string>text.xcconfig</string>
		</dict>
		<key>1DD70E296EDE8FC400000000</key>
		<dict>
			<key>isa</key>
			<string>PBXFileReference</string>
			<key>name</key>
			<string>UIKitRuntimeUtils-Profile.xcconfig</string>
			<key>path</key>
			<string>../../buck-out/gen/submodules/UIKitRuntimeUtils/UIKitRuntimeUtils-Profile.xcconfig</string>
			<key>sourceTree</key>
			<string>SOURCE_ROOT</string>
			<key>explicitFileType</key>
			<string>text.xcconfig</string>
		</dict>
		<key>1DD70E29E2753B2600000000</key>
		<dict>
			<key>isa</key>
			<string>PBXFileReference</string>
			<key>name</key>
			<string>UIKitRuntimeUtils-Release.xcconfig</string>
			<key>path</key>
			<string>../../buck-out/gen/submodules/UIKitRuntimeUtils/UIKitRuntimeUtils-Release.xcconfig</string>
			<key>sourceTree</key>
			<string>SOURCE_ROOT</string>
			<key>explicitFileType</key>
			<string>text.xcconfig</string>
		</dict>
		<key>B401C9792F7F325000000000</key>
		<dict>
			<key>isa</key>
			<string>PBXGroup</string>
			<key>name</key>
			<string>Buck (Do Not Modify)</string>
			<key>sourceTree</key>
			<string><![CDATA[<group>]]></string>
			<key>children</key>
			<array>
				<string>1DD70E290D3246DA00000000</string>
				<string>1DD70E296EDE8FC400000000</string>
				<string>1DD70E29E2753B2600000000</string>
			</array>
		</dict>
		<key>B401C979B781F65D00000000</key>
		<dict>
			<key>isa</key>
			<string>PBXGroup</string>
			<key>name</key>
			<string>Configurations</string>
			<key>sourceTree</key>
			<string><![CDATA[<group>]]></string>
			<key>children</key>
			<array>
				<string>B401C9792F7F325000000000</string>
			</array>
		</dict>
		<key>1DD70E2998A5DD0900000000</key>
		<dict>
			<key>isa</key>
			<string>PBXFileReference</string>
			<key>name</key>
			<string>libUIKitRuntimeUtils.a</string>
			<key>path</key>
			<string>libUIKitRuntimeUtils.a</string>
			<key>sourceTree</key>
			<string>BUILT_PRODUCTS_DIR</string>
			<key>explicitFileType</key>
			<string>archive.ar</string>
		</dict>
		<key>B401C979C806358400000000</key>
		<dict>
			<key>isa</key>
			<string>PBXGroup</string>
			<key>name</key>
			<string>Products</string>
			<key>sourceTree</key>
			<string><![CDATA[<group>]]></string>
			<key>children</key>
			<array>
				<string>1DD70E2998A5DD0900000000</string>
			</array>
		</dict>
		<key>1DD70E29001F47FB00000000</key>
		<dict>
			<key>isa</key>
			<string>PBXFileReference</string>
			<key>name</key>
			<string>BUCK</string>
			<key>path</key>
			<string>BUCK</string>
			<key>sourceTree</key>
			<string>SOURCE_ROOT</string>
			<key>explicitFileType</key>
			<string>text.script.python</string>
		</dict>
		<key>1DD70E29AF97F93D00000000</key>
		<dict>
			<key>isa</key>
			<string>PBXFileReference</string>
			<key>name</key>
			<string>NSBag.h</string>
			<key>path</key>
			<string>Source/UIKitRuntimeUtils/NSBag.h</string>
			<key>sourceTree</key>
			<string>SOURCE_ROOT</string>
			<key>lastKnownFileType</key>
			<string>sourcecode.c.h</string>
		</dict>
		<key>1DD70E29AF97F94200000000</key>
		<dict>
			<key>isa</key>
			<string>PBXFileReference</string>
			<key>name</key>
			<string>NSBag.m</string>
			<key>path</key>
			<string>Source/UIKitRuntimeUtils/NSBag.m</string>
			<key>sourceTree</key>
			<string>SOURCE_ROOT</string>
			<key>lastKnownFileType</key>
			<string>sourcecode.c.objc</string>
		</dict>
		<key>1DD70E295576176800000000</key>
		<dict>
			<key>isa</key>
			<string>PBXFileReference</string>
			<key>name</key>
			<string>NSWeakReference.h</string>
			<key>path</key>
			<string>Source/UIKitRuntimeUtils/NSWeakReference.h</string>
			<key>sourceTree</key>
			<string>SOURCE_ROOT</string>
			<key>lastKnownFileType</key>
			<string>sourcecode.c.h</string>
		</dict>
		<key>1DD70E295576176D00000000</key>
		<dict>
			<key>isa</key>
			<string>PBXFileReference</string>
			<key>name</key>
			<string>NSWeakReference.m</string>
			<key>path</key>
			<string>Source/UIKitRuntimeUtils/NSWeakReference.m</string>
			<key>sourceTree</key>
			<string>SOURCE_ROOT</string>
			<key>lastKnownFileType</key>
			<string>sourcecode.c.objc</string>
		</dict>
		<key>1DD70E29B501FD0B00000000</key>
		<dict>
			<key>isa</key>
			<string>PBXFileReference</string>
			<key>name</key>
			<string>NotificationCenterUtils.h</string>
			<key>path</key>
			<string>Source/UIKitRuntimeUtils/NotificationCenterUtils.h</string>
			<key>sourceTree</key>
			<string>SOURCE_ROOT</string>
			<key>lastKnownFileType</key>
			<string>sourcecode.c.h</string>
		</dict>
		<key>1DD70E29B501FD1000000000</key>
		<dict>
			<key>isa</key>
			<string>PBXFileReference</string>
			<key>name</key>
			<string>NotificationCenterUtils.m</string>
			<key>path</key>
			<string>Source/UIKitRuntimeUtils/NotificationCenterUtils.m</string>
			<key>sourceTree</key>
			<string>SOURCE_ROOT</string>
			<key>lastKnownFileType</key>
			<string>sourcecode.c.objc</string>
		</dict>
		<key>1DD70E296B7DE9E100000000</key>
		<dict>
			<key>isa</key>
			<string>PBXFileReference</string>
			<key>name</key>
			<string>UIBarButtonItem+Proxy.h</string>
			<key>path</key>
			<string>Source/UIKitRuntimeUtils/UIBarButtonItem+Proxy.h</string>
			<key>sourceTree</key>
			<string>SOURCE_ROOT</string>
			<key>lastKnownFileType</key>
			<string>sourcecode.c.h</string>
		</dict>
		<key>1DD70E296B7DE9E600000000</key>
		<dict>
			<key>isa</key>
			<string>PBXFileReference</string>
			<key>name</key>
			<string>UIBarButtonItem+Proxy.m</string>
			<key>path</key>
			<string>Source/UIKitRuntimeUtils/UIBarButtonItem+Proxy.m</string>
			<key>sourceTree</key>
			<string>SOURCE_ROOT</string>
			<key>lastKnownFileType</key>
			<string>sourcecode.c.objc</string>
		</dict>
		<key>1DD70E29D32F286900000000</key>
		<dict>
			<key>isa</key>
			<string>PBXFileReference</string>
			<key>name</key>
			<string>UIKitUtils.h</string>
			<key>path</key>
			<string>Source/UIKitRuntimeUtils/UIKitUtils.h</string>
			<key>sourceTree</key>
			<string>SOURCE_ROOT</string>
			<key>lastKnownFileType</key>
			<string>sourcecode.c.h</string>
		</dict>
		<key>1DD70E29D32F286E00000000</key>
		<dict>
			<key>isa</key>
			<string>PBXFileReference</string>
			<key>name</key>
			<string>UIKitUtils.m</string>
			<key>path</key>
			<string>Source/UIKitRuntimeUtils/UIKitUtils.m</string>
			<key>sourceTree</key>
			<string>SOURCE_ROOT</string>
			<key>lastKnownFileType</key>
			<string>sourcecode.c.objc</string>
		</dict>
		<key>1DD70E29039ECDAF00000000</key>
		<dict>
			<key>isa</key>
			<string>PBXFileReference</string>
			<key>name</key>
			<string>UIMenuItem+Icons.h</string>
			<key>path</key>
			<string>Source/UIKitRuntimeUtils/UIMenuItem+Icons.h</string>
			<key>sourceTree</key>
			<string>SOURCE_ROOT</string>
			<key>lastKnownFileType</key>
			<string>sourcecode.c.h</string>
		</dict>
		<key>1DD70E29039ECDB400000000</key>
		<dict>
			<key>isa</key>
			<string>PBXFileReference</string>
			<key>name</key>
			<string>UIMenuItem+Icons.m</string>
			<key>path</key>
			<string>Source/UIKitRuntimeUtils/UIMenuItem+Icons.m</string>
			<key>sourceTree</key>
			<string>SOURCE_ROOT</string>
			<key>lastKnownFileType</key>
			<string>sourcecode.c.objc</string>
		</dict>
		<key>1DD70E29C97D763800000000</key>
		<dict>
			<key>isa</key>
			<string>PBXFileReference</string>
			<key>name</key>
			<string>UINavigationItem+Proxy.h</string>
			<key>path</key>
			<string>Source/UIKitRuntimeUtils/UINavigationItem+Proxy.h</string>
			<key>sourceTree</key>
			<string>SOURCE_ROOT</string>
			<key>lastKnownFileType</key>
			<string>sourcecode.c.h</string>
		</dict>
		<key>1DD70E29C97D763D00000000</key>
		<dict>
			<key>isa</key>
			<string>PBXFileReference</string>
			<key>name</key>
			<string>UINavigationItem+Proxy.m</string>
			<key>path</key>
			<string>Source/UIKitRuntimeUtils/UINavigationItem+Proxy.m</string>
			<key>sourceTree</key>
			<string>SOURCE_ROOT</string>
			<key>lastKnownFileType</key>
			<string>sourcecode.c.objc</string>
		</dict>
		<key>1DD70E29BA6FF52400000000</key>
		<dict>
			<key>isa</key>
			<string>PBXFileReference</string>
			<key>name</key>
			<string>UIViewController+Navigation.h</string>
			<key>path</key>
			<string>Source/UIKitRuntimeUtils/UIViewController+Navigation.h</string>
			<key>sourceTree</key>
			<string>SOURCE_ROOT</string>
			<key>lastKnownFileType</key>
			<string>sourcecode.c.h</string>
		</dict>
		<key>1DD70E29BA6FF52900000000</key>
		<dict>
			<key>isa</key>
			<string>PBXFileReference</string>
			<key>name</key>
			<string>UIViewController+Navigation.m</string>
			<key>path</key>
			<string>Source/UIKitRuntimeUtils/UIViewController+Navigation.m</string>
			<key>sourceTree</key>
			<string>SOURCE_ROOT</string>
			<key>lastKnownFileType</key>
			<string>sourcecode.c.objc</string>
		</dict>
		<key>1DD70E2973779B1300000000</key>
		<dict>
			<key>isa</key>
			<string>PBXFileReference</string>
			<key>name</key>
			<string>UIWindow+OrientationChange.h</string>
			<key>path</key>
			<string>Source/UIKitRuntimeUtils/UIWindow+OrientationChange.h</string>
			<key>sourceTree</key>
			<string>SOURCE_ROOT</string>
			<key>lastKnownFileType</key>
			<string>sourcecode.c.h</string>
		</dict>
		<key>1DD70E2973779B1800000000</key>
		<dict>
			<key>isa</key>
			<string>PBXFileReference</string>
			<key>name</key>
			<string>UIWindow+OrientationChange.m</string>
			<key>path</key>
			<string>Source/UIKitRuntimeUtils/UIWindow+OrientationChange.m</string>
			<key>sourceTree</key>
			<string>SOURCE_ROOT</string>
			<key>lastKnownFileType</key>
			<string>sourcecode.c.objc</string>
		</dict>
		<key>B401C979EAB5339800000000</key>
		<dict>
			<key>isa</key>
			<string>PBXGroup</string>
			<key>name</key>
			<string>Sources</string>
			<key>sourceTree</key>
			<string><![CDATA[<group>]]></string>
			<key>children</key>
			<array>
				<string>1DD70E29AF97F93D00000000</string>
				<string>1DD70E29AF97F94200000000</string>
				<string>1DD70E295576176800000000</string>
				<string>1DD70E295576176D00000000</string>
				<string>1DD70E29B501FD0B00000000</string>
				<string>1DD70E29B501FD1000000000</string>
				<string>1DD70E296B7DE9E100000000</string>
				<string>1DD70E296B7DE9E600000000</string>
				<string>1DD70E29D32F286900000000</string>
				<string>1DD70E29D32F286E00000000</string>
				<string>1DD70E29039ECDAF00000000</string>
				<string>1DD70E29039ECDB400000000</string>
				<string>1DD70E29C97D763800000000</string>
				<string>1DD70E29C97D763D00000000</string>
				<string>1DD70E29BA6FF52400000000</string>
				<string>1DD70E29BA6FF52900000000</string>
				<string>1DD70E2973779B1300000000</string>
				<string>1DD70E2973779B1800000000</string>
			</array>
		</dict>
		<key>B401C979A23B8C7B00000000</key>
		<dict>
			<key>isa</key>
			<string>PBXGroup</string>
			<key>name</key>
			<string>UIKitRuntimeUtils</string>
			<key>sourceTree</key>
			<string><![CDATA[<group>]]></string>
			<key>children</key>
			<array>
				<string>1DD70E29001F47FB00000000</string>
				<string>B401C979EAB5339800000000</string>
			</array>
		</dict>
		<key>B401C979EFB6AC4600000000</key>
		<dict>
			<key>isa</key>
			<string>PBXGroup</string>
			<key>name</key>
			<string>mainGroup</string>
			<key>sourceTree</key>
			<string><![CDATA[<group>]]></string>
			<key>children</key>
			<array>
				<string>B401C979B781F65D00000000</string>
				<string>B401C979C806358400000000</string>
				<string>B401C979A23B8C7B00000000</string>
			</array>
		</dict>
		<key>E7A30F04AF97F94200000000</key>
		<dict>
			<key>isa</key>
			<string>PBXBuildFile</string>
			<key>fileRef</key>
			<string>1DD70E29AF97F94200000000</string>
		</dict>
		<key>E7A30F045576176D00000000</key>
		<dict>
			<key>isa</key>
			<string>PBXBuildFile</string>
			<key>fileRef</key>
			<string>1DD70E295576176D00000000</string>
		</dict>
		<key>E7A30F04B501FD1000000000</key>
		<dict>
			<key>isa</key>
			<string>PBXBuildFile</string>
			<key>fileRef</key>
			<string>1DD70E29B501FD1000000000</string>
		</dict>
		<key>E7A30F046B7DE9E600000000</key>
		<dict>
			<key>isa</key>
			<string>PBXBuildFile</string>
			<key>fileRef</key>
			<string>1DD70E296B7DE9E600000000</string>
		</dict>
		<key>E7A30F04D32F286E00000000</key>
		<dict>
			<key>isa</key>
			<string>PBXBuildFile</string>
			<key>fileRef</key>
			<string>1DD70E29D32F286E00000000</string>
		</dict>
		<key>E7A30F04039ECDB400000000</key>
		<dict>
			<key>isa</key>
			<string>PBXBuildFile</string>
			<key>fileRef</key>
			<string>1DD70E29039ECDB400000000</string>
		</dict>
		<key>E7A30F04C97D763D00000000</key>
		<dict>
			<key>isa</key>
			<string>PBXBuildFile</string>
			<key>fileRef</key>
			<string>1DD70E29C97D763D00000000</string>
		</dict>
		<key>E7A30F04BA6FF52900000000</key>
		<dict>
			<key>isa</key>
			<string>PBXBuildFile</string>
			<key>fileRef</key>
			<string>1DD70E29BA6FF52900000000</string>
		</dict>
		<key>E7A30F0473779B1800000000</key>
		<dict>
			<key>isa</key>
			<string>PBXBuildFile</string>
			<key>fileRef</key>
			<string>1DD70E2973779B1800000000</string>
		</dict>
		<key>1870857F0000000000000000</key>
		<dict>
			<key>isa</key>
			<string>PBXSourcesBuildPhase</string>
			<key>files</key>
			<array>
				<string>E7A30F04AF97F94200000000</string>
				<string>E7A30F045576176D00000000</string>
				<string>E7A30F04B501FD1000000000</string>
				<string>E7A30F046B7DE9E600000000</string>
				<string>E7A30F04D32F286E00000000</string>
				<string>E7A30F04039ECDB400000000</string>
				<string>E7A30F04C97D763D00000000</string>
				<string>E7A30F04BA6FF52900000000</string>
				<string>E7A30F0473779B1800000000</string>
			</array>
		</dict>
		<key>4952437303EDA63300000000</key>
		<dict>
			<key>isa</key>
			<string>XCBuildConfiguration</string>
			<key>name</key>
			<string>Debug</string>
			<key>buildSettings</key>
			<dict>
			</dict>
			<key>baseConfigurationReference</key>
			<string>1DD70E290D3246DA00000000</string>
		</dict>
		<key>4952437350C7218900000000</key>
		<dict>
			<key>isa</key>
			<string>XCBuildConfiguration</string>
			<key>name</key>
			<string>Profile</string>
			<key>buildSettings</key>
			<dict>
			</dict>
			<key>baseConfigurationReference</key>
			<string>1DD70E296EDE8FC400000000</string>
		</dict>
		<key>49524373A439BFE700000000</key>
		<dict>
			<key>isa</key>
			<string>XCBuildConfiguration</string>
			<key>name</key>
			<string>Release</string>
			<key>buildSettings</key>
			<dict>
			</dict>
			<key>baseConfigurationReference</key>
			<string>1DD70E29E2753B2600000000</string>
		</dict>
		<key>218C37090000000000000000</key>
		<dict>
			<key>isa</key>
			<string>XCConfigurationList</string>
			<key>buildConfigurations</key>
			<array>
				<string>4952437303EDA63300000000</string>
				<string>4952437350C7218900000000</string>
				<string>49524373A439BFE700000000</string>
			</array>
			<key>defaultConfigurationIsVisible</key>
			<false/>
		</dict>
		<key>E66DC04EA23B8C7B00000000</key>
		<dict>
			<key>isa</key>
			<string>PBXNativeTarget</string>
			<key>name</key>
			<string>UIKitRuntimeUtils</string>
			<key>productName</key>
			<string>UIKitRuntimeUtils</string>
			<key>productReference</key>
			<string>1DD70E2998A5DD0900000000</string>
			<key>productType</key>
			<string>com.apple.product-type.library.static</string>
			<key>dependencies</key>
			<array>
			</array>
			<key>buildPhases</key>
			<array>
				<string>1870857F0000000000000000</string>
			</array>
			<key>buildConfigurationList</key>
			<string>218C37090000000000000000</string>
		</dict>
		<key>4952437303EDA63300000001</key>
		<dict>
			<key>isa</key>
			<string>XCBuildConfiguration</string>
			<key>name</key>
			<string>Debug</string>
			<key>buildSettings</key>
			<dict>
			</dict>
		</dict>
		<key>4952437350C7218900000001</key>
		<dict>
			<key>isa</key>
			<string>XCBuildConfiguration</string>
			<key>name</key>
			<string>Profile</string>
			<key>buildSettings</key>
			<dict>
			</dict>
		</dict>
		<key>49524373A439BFE700000001</key>
		<dict>
			<key>isa</key>
			<string>XCBuildConfiguration</string>
			<key>name</key>
			<string>Release</string>
			<key>buildSettings</key>
			<dict>
			</dict>
		</dict>
		<key>218C37090000000000000001</key>
		<dict>
			<key>isa</key>
			<string>XCConfigurationList</string>
			<key>buildConfigurations</key>
			<array>
				<string>4952437303EDA63300000001</string>
				<string>4952437350C7218900000001</string>
				<string>49524373A439BFE700000001</string>
			</array>
			<key>defaultConfigurationIsVisible</key>
			<false/>
		</dict>
		<key>96C84793A23B8C7B00000000</key>
		<dict>
			<key>isa</key>
			<string>PBXProject</string>
			<key>mainGroup</key>
			<string>B401C979EFB6AC4600000000</string>
			<key>targets</key>
			<array>
				<string>E66DC04EA23B8C7B00000000</string>
			</array>
			<key>buildConfigurationList</key>
			<string>218C37090000000000000001</string>
			<key>compatibilityVersion</key>
			<string>Xcode 3.2</string>
			<key>attributes</key>
			<dict>
				<key>LastUpgradeCheck</key>
				<string>9999</string>
			</dict>
		</dict>
	</dict>
	<key>rootObject</key>
	<string>96C84793A23B8C7B00000000</string>
</dict>
</plist>