// !$*UTF8*$!
{
	archiveVersion = 1;
	classes = {
	};
	objectVersion = 46;
	objects = {

/* Begin PBXBuildFile section */
		634E87C9245B1516007CD07F /* Display.framework in Frameworks */ = {isa = PBXBuildFile; fileRef = 634E87C8245B1516007CD07F /* Display.framework */; };
		634E87CB245B151B007CD07F /* SwiftSignalKit.framework in Frameworks */ = {isa = PBXBuildFile; fileRef = 634E87CA245B151B007CD07F /* SwiftSignalKit.framework */; };
		E7A30F04BDC7BBF300000000 /* QrCode.swift in Sources */ = {isa = PBXBuildFile; fileRef = 1DD70E29BDC7BBF300000000 /* QrCode.swift */; };
/* End PBXBuildFile section */

/* Begin PBXFileReference section */
		1DD70E29001F47FB00000000 /* BUCK */ = {isa = PBXFileReference; explicitFileType = text.script.python; path = BUCK; sourceTree = SOURCE_ROOT; };
		1DD70E295898BF2700000000 /* QrCode-Debug.xcconfig */ = {isa = PBXFileReference; explicitFileType = text.xcconfig; name = "QrCode-Debug.xcconfig"; path = "../../buck-out/gen/submodules/QrCode/QrCode-Debug.xcconfig"; sourceTree = SOURCE_ROOT; };
		1DD70E297A8828D100000000 /* QrCode-Profile.xcconfig */ = {isa = PBXFileReference; explicitFileType = text.xcconfig; name = "QrCode-Profile.xcconfig"; path = "../../buck-out/gen/submodules/QrCode/QrCode-Profile.xcconfig"; sourceTree = SOURCE_ROOT; };
		1DD70E29AA32BBC600000000 /* libQrCode.a */ = {isa = PBXFileReference; explicitFileType = archive.ar; path = libQrCode.a; sourceTree = BUILT_PRODUCTS_DIR; };
		1DD70E29BDC7BBF300000000 /* QrCode.swift */ = {isa = PBXFileReference; lastKnownFileType = sourcecode.swift; name = QrCode.swift; path = Sources/QrCode.swift; sourceTree = SOURCE_ROOT; };
		1DD70E29D65BA68200000000 /* libSwiftSignalKit.dylib */ = {isa = PBXFileReference; explicitFileType = "compiled.mach-o.dylib"; path = libSwiftSignalKit.dylib; sourceTree = BUILT_PRODUCTS_DIR; };
		1DD70E29EE1ED43300000000 /* QrCode-Release.xcconfig */ = {isa = PBXFileReference; explicitFileType = text.xcconfig; name = "QrCode-Release.xcconfig"; path = "../../buck-out/gen/submodules/QrCode/QrCode-Release.xcconfig"; sourceTree = SOURCE_ROOT; };
		1DD70E29FF334B1F00000000 /* libDisplay.dylib */ = {isa = PBXFileReference; explicitFileType = "compiled.mach-o.dylib"; path = libDisplay.dylib; sourceTree = BUILT_PRODUCTS_DIR; };
		634E87C8245B1516007CD07F /* Display.framework */ = {isa = PBXFileReference; explicitFileType = wrapper.framework; path = Display.framework; sourceTree = BUILT_PRODUCTS_DIR; };
		634E87CA245B151B007CD07F /* SwiftSignalKit.framework */ = {isa = PBXFileReference; explicitFileType = wrapper.framework; path = SwiftSignalKit.framework; sourceTree = BUILT_PRODUCTS_DIR; };
		6360F049245AFF6E006A9391 /* DisplayFr.framework */ = {isa = PBXFileReference; explicitFileType = wrapper.framework; path = DisplayFr.framework; sourceTree = BUILT_PRODUCTS_DIR; };
		6360F04B245AFF76006A9391 /* SwiftSignalKitFr.framework */ = {isa = PBXFileReference; explicitFileType = wrapper.framework; path = SwiftSignalKitFr.framework; sourceTree = BUILT_PRODUCTS_DIR; };
/* End PBXFileReference section */

/* Begin PBXFrameworksBuildPhase section */
		6360F048245AFF67006A9391 /* Frameworks */ = {
			isa = PBXFrameworksBuildPhase;
			buildActionMask = 2147483647;
			files = (
				634E87CB245B151B007CD07F /* SwiftSignalKit.framework in Frameworks */,
				634E87C9245B1516007CD07F /* Display.framework in Frameworks */,
			);
			runOnlyForDeploymentPostprocessing = 0;
		};
/* End PBXFrameworksBuildPhase section */

/* Begin PBXGroup section */
		B401C9792F7F325000000000 /* Buck (Do Not Modify) */ = {
			isa = PBXGroup;
			children = (
				1DD70E295898BF2700000000 /* QrCode-Debug.xcconfig */,
				1DD70E297A8828D100000000 /* QrCode-Profile.xcconfig */,
				1DD70E29EE1ED43300000000 /* QrCode-Release.xcconfig */,
			);
			name = "Buck (Do Not Modify)";
			sourceTree = "<group>";
		};
		B401C97968022A5500000000 /* Frameworks */ = {
			isa = PBXGroup;
			children = (
				634E87CA245B151B007CD07F /* SwiftSignalKit.framework */,
				634E87C8245B1516007CD07F /* Display.framework */,
				6360F04B245AFF76006A9391 /* SwiftSignalKitFr.framework */,
				6360F049245AFF6E006A9391 /* DisplayFr.framework */,
				1DD70E29FF334B1F00000000 /* libDisplay.dylib */,
				1DD70E29D65BA68200000000 /* libSwiftSignalKit.dylib */,
			);
			name = Frameworks;
			sourceTree = "<group>";
		};
		B401C979909F23CE00000000 /* QrCode */ = {
			isa = PBXGroup;
			children = (
				1DD70E29001F47FB00000000 /* BUCK */,
				B401C979EAB5339800000000 /* Sources */,
			);
			name = QrCode;
			sourceTree = "<group>";
		};
		B401C979B781F65D00000000 /* Configurations */ = {
			isa = PBXGroup;
			children = (
				B401C9792F7F325000000000 /* Buck (Do Not Modify) */,
			);
			name = Configurations;
			sourceTree = "<group>";
		};
		B401C979C806358400000000 /* Products */ = {
			isa = PBXGroup;
			children = (
				1DD70E29AA32BBC600000000 /* libQrCode.a */,
			);
			name = Products;
			sourceTree = "<group>";
		};
		B401C979EAB5339800000000 /* Sources */ = {
			isa = PBXGroup;
			children = (
				1DD70E29BDC7BBF300000000 /* QrCode.swift */,
			);
			name = Sources;
			sourceTree = "<group>";
		};
		B401C979EFB6AC4600000000 /* mainGroup */ = {
			isa = PBXGroup;
			children = (
				B401C979B781F65D00000000 /* Configurations */,
				B401C97968022A5500000000 /* Frameworks */,
				B401C979C806358400000000 /* Products */,
				B401C979909F23CE00000000 /* QrCode */,
			);
			name = mainGroup;
			sourceTree = "<group>";
		};
/* End PBXGroup section */

/* Begin PBXNativeTarget section */
		E66DC04E909F23CE00000000 /* QrCode */ = {
			isa = PBXNativeTarget;
			buildConfigurationList = 218C37090000000000000000 /* Build configuration list for PBXNativeTarget "QrCode" */;
			buildPhases = (
				1870857F0000000000000000 /* Sources */,
				6360F048245AFF67006A9391 /* Frameworks */,
			);
			buildRules = (
			);
			dependencies = (
			);
			name = QrCode;
			productName = QrCode;
			productReference = 1DD70E29AA32BBC600000000 /* libQrCode.a */;
			productType = "com.apple.product-type.library.static";
		};
/* End PBXNativeTarget section */

/* Begin PBXProject section */
		96C84793909F23CE00000000 /* Project object */ = {
			isa = PBXProject;
			attributes = {
				LastUpgradeCheck = 9999;
			};
			buildConfigurationList = 218C37090000000000000001 /* Build configuration list for PBXProject "QrCode" */;
			compatibilityVersion = "Xcode 3.2";
			developmentRegion = en;
			hasScannedForEncodings = 0;
			knownRegions = (
				en,
				Base,
			);
			mainGroup = B401C979EFB6AC4600000000 /* mainGroup */;
			projectDirPath = "";
			projectRoot = "";
			targets = (
				E66DC04E909F23CE00000000 /* QrCode */,
			);
		};
/* End PBXProject section */

/* Begin PBXSourcesBuildPhase section */
		1870857F0000000000000000 /* Sources */ = {
			isa = PBXSourcesBuildPhase;
			buildActionMask = 0;
			files = (
				E7A30F04BDC7BBF300000000 /* QrCode.swift in Sources */,
			);
			runOnlyForDeploymentPostprocessing = 0;
		};
/* End PBXSourcesBuildPhase section */

/* Begin XCBuildConfiguration section */
		4952437303EDA63300000000 /* Debug */ = {
			isa = XCBuildConfiguration;
			baseConfigurationReference = 1DD70E295898BF2700000000 /* QrCode-Debug.xcconfig */;
			buildSettings = {
			};
			name = Debug;
		};
		4952437303EDA63300000001 /* Debug */ = {
			isa = XCBuildConfiguration;
			buildSettings = {
			};
			name = Debug;
		};
		4952437350C7218900000000 /* Profile */ = {
			isa = XCBuildConfiguration;
			baseConfigurationReference = 1DD70E297A8828D100000000 /* QrCode-Profile.xcconfig */;
			buildSettings = {
			};
			name = Profile;
		};
		4952437350C7218900000001 /* Profile */ = {
			isa = XCBuildConfiguration;
			buildSettings = {
			};
			name = Profile;
		};
		49524373A439BFE700000000 /* Release */ = {
			isa = XCBuildConfiguration;
			baseConfigurationReference = 1DD70E29EE1ED43300000000 /* QrCode-Release.xcconfig */;
			buildSettings = {
			};
			name = Release;
		};
		49524373A439BFE700000001 /* Release */ = {
			isa = XCBuildConfiguration;
			buildSettings = {
			};
			name = Release;
		};
/* End XCBuildConfiguration section */

/* Begin XCConfigurationList section */
		218C37090000000000000000 /* Build configuration list for PBXNativeTarget "QrCode" */ = {
			isa = XCConfigurationList;
			buildConfigurations = (
				4952437303EDA63300000000 /* Debug */,
				4952437350C7218900000000 /* Profile */,
				49524373A439BFE700000000 /* Release */,
			);
			defaultConfigurationIsVisible = 0;
			defaultConfigurationName = Release;
		};
		218C37090000000000000001 /* Build configuration list for PBXProject "QrCode" */ = {
			isa = XCConfigurationList;
			buildConfigurations = (
				4952437303EDA63300000001 /* Debug */,
				4952437350C7218900000001 /* Profile */,
				49524373A439BFE700000001 /* Release */,
			);
			defaultConfigurationIsVisible = 0;
			defaultConfigurationName = Release;
		};
/* End XCConfigurationList section */
	};
	rootObject = 96C84793909F23CE00000000 /* Project object */;
}
