// !$*UTF8*$!
{
	archiveVersion = 1;
	classes = {
	};
	objectVersion = 46;
	objects = {

/* Begin PBXBuildFile section */
		634E8CC2245B2D18007CD07F /* SwiftSignalKit.framework in Frameworks */ = {isa = PBXBuildFile; fileRef = 634E8CC1245B2D18007CD07F /* SwiftSignalKit.framework */; settings = {ATTRIBUTES = (Weak, ); }; };
		E7A30F042B615F2200000000 /* PeerId.swift in Sources */ = {isa = PBXBuildFile; fileRef = 1DD70E292B615F2200000000 /* PeerId.swift */; };
		E7A30F043DFF9BE300000000 /* libPostboxCoding.a in Fake Swift Dependencies (Copy Files Phase) */ = {isa = PBXBuildFile; fileRef = 1DD70E293DFF9BE300000000 /* libPostboxCoding.a */; };
		E7A30F044FF93C6100000000 /* libBuffers.a in Fake Swift Dependencies (Copy Files Phase) */ = {isa = PBXBuildFile; fileRef = 1DD70E294FF93C6100000000 /* libBuffers.a */; };
		E7A30F048043F0BD00000000 /* PeerGroupId.swift in Sources */ = {isa = PBXBuildFile; fileRef = 1DD70E298043F0BD00000000 /* PeerGroupId.swift */; };
		E7A30F048E8CDC8700000000 /* MessageId.swift in Sources */ = {isa = PBXBuildFile; fileRef = 1DD70E298E8CDC8700000000 /* MessageId.swift */; };
		E7A30F04A89E4BB600000000 /* PeerSummaryCounterTags.swift in Sources */ = {isa = PBXBuildFile; fileRef = 1DD70E29A89E4BB600000000 /* PeerSummaryCounterTags.swift */; };
		E7A30F04AA56A28600000000 /* libMurmurHash.a in Fake Swift Dependencies (Copy Files Phase) */ = {isa = PBXBuildFile; fileRef = 1DD70E29AA56A28600000000 /* libMurmurHash.a */; };
		E7A30F04AE22D79000000000 /* MessageIndex.swift in Sources */ = {isa = PBXBuildFile; fileRef = 1DD70E29AE22D79000000000 /* MessageIndex.swift */; };
		E7A30F04B0F6AD9200000000 /* MediaResourceId.swift in Sources */ = {isa = PBXBuildFile; fileRef = 1DD70E29B0F6AD9200000000 /* MediaResourceId.swift */; };
		E7A30F04B55B66A700000000 /* Peer.swift in Sources */ = {isa = PBXBuildFile; fileRef = 1DD70E29B55B66A700000000 /* Peer.swift */; };
		E7A30F04B5B1D67200000000 /* libValueBox.a in Fake Swift Dependencies (Copy Files Phase) */ = {isa = PBXBuildFile; fileRef = 1DD70E29B5B1D67200000000 /* libValueBox.a */; };
		E7A30F04C9DCF11E00000000 /* PeerReadState.swift in Sources */ = {isa = PBXBuildFile; fileRef = 1DD70E29C9DCF11E00000000 /* PeerReadState.swift */; };
		E7A30F04D151643900000000 /* ChatListTotalUnreadState.swift in Sources */ = {isa = PBXBuildFile; fileRef = 1DD70E29D151643900000000 /* ChatListTotalUnreadState.swift */; };
/* End PBXBuildFile section */

/* Begin PBXCopyFilesBuildPhase section */
		FAF5FAC90000000000000000 /* Fake Swift Dependencies (Copy Files Phase) */ = {
			isa = PBXCopyFilesBuildPhase;
			buildActionMask = 0;
			dstPath = "";
			dstSubfolderSpec = 16;
			files = (
				E7A30F044FF93C6100000000 /* libBuffers.a in Fake Swift Dependencies (Copy Files Phase) */,
				E7A30F04AA56A28600000000 /* libMurmurHash.a in Fake Swift Dependencies (Copy Files Phase) */,
				E7A30F043DFF9BE300000000 /* libPostboxCoding.a in Fake Swift Dependencies (Copy Files Phase) */,
				E7A30F04B5B1D67200000000 /* libValueBox.a in Fake Swift Dependencies (Copy Files Phase) */,
			);
			name = "Fake Swift Dependencies (Copy Files Phase)";
			runOnlyForDeploymentPostprocessing = 1;
		};
/* End PBXCopyFilesBuildPhase section */

/* Begin PBXFileReference section */
		1DD70E29001F47FB00000000 /* BUCK */ = {isa = PBXFileReference; explicitFileType = text.script.python; path = BUCK; sourceTree = SOURCE_ROOT; };
		1DD70E290244961100000000 /* PostboxDataTypes-Debug.xcconfig */ = {isa = PBXFileReference; explicitFileType = text.xcconfig; name = "PostboxDataTypes-Debug.xcconfig"; path = "../../../buck-out/gen/submodules/Database/PostboxDataTypes/PostboxDataTypes-Debug.xcconfig"; sourceTree = SOURCE_ROOT; };
		1DD70E292B615F2200000000 /* PeerId.swift */ = {isa = PBXFileReference; lastKnownFileType = sourcecode.swift; name = PeerId.swift; path = Sources/PeerId.swift; sourceTree = SOURCE_ROOT; };
		1DD70E293DFF9BE300000000 /* libPostboxCoding.a */ = {isa = PBXFileReference; explicitFileType = archive.ar; path = libPostboxCoding.a; sourceTree = BUILT_PRODUCTS_DIR; };
		1DD70E294FF93C6100000000 /* libBuffers.a */ = {isa = PBXFileReference; explicitFileType = archive.ar; path = libBuffers.a; sourceTree = BUILT_PRODUCTS_DIR; };
		1DD70E296899ED3B00000000 /* PostboxDataTypes-Profile.xcconfig */ = {isa = PBXFileReference; explicitFileType = text.xcconfig; name = "PostboxDataTypes-Profile.xcconfig"; path = "../../../buck-out/gen/submodules/Database/PostboxDataTypes/PostboxDataTypes-Profile.xcconfig"; sourceTree = SOURCE_ROOT; };
		1DD70E298043F0BD00000000 /* PeerGroupId.swift */ = {isa = PBXFileReference; lastKnownFileType = sourcecode.swift; name = PeerGroupId.swift; path = Sources/PeerGroupId.swift; sourceTree = SOURCE_ROOT; };
		1DD70E298E8CDC8700000000 /* MessageId.swift */ = {isa = PBXFileReference; lastKnownFileType = sourcecode.swift; name = MessageId.swift; path = Sources/MessageId.swift; sourceTree = SOURCE_ROOT; };
		1DD70E29A89E4BB600000000 /* PeerSummaryCounterTags.swift */ = {isa = PBXFileReference; lastKnownFileType = sourcecode.swift; name = PeerSummaryCounterTags.swift; path = Sources/PeerSummaryCounterTags.swift; sourceTree = SOURCE_ROOT; };
		1DD70E29AA56A28600000000 /* libMurmurHash.a */ = {isa = PBXFileReference; explicitFileType = archive.ar; path = libMurmurHash.a; sourceTree = BUILT_PRODUCTS_DIR; };
		1DD70E29AE22D79000000000 /* MessageIndex.swift */ = {isa = PBXFileReference; lastKnownFileType = sourcecode.swift; name = MessageIndex.swift; path = Sources/MessageIndex.swift; sourceTree = SOURCE_ROOT; };
		1DD70E29B0F6AD9200000000 /* MediaResourceId.swift */ = {isa = PBXFileReference; lastKnownFileType = sourcecode.swift; name = MediaResourceId.swift; path = Sources/MediaResourceId.swift; sourceTree = SOURCE_ROOT; };
		1DD70E29B55B66A700000000 /* Peer.swift */ = {isa = PBXFileReference; lastKnownFileType = sourcecode.swift; name = Peer.swift; path = Sources/Peer.swift; sourceTree = SOURCE_ROOT; };
		1DD70E29B5B1D67200000000 /* libValueBox.a */ = {isa = PBXFileReference; explicitFileType = archive.ar; path = libValueBox.a; sourceTree = BUILT_PRODUCTS_DIR; };
		1DD70E29C9DCF11E00000000 /* PeerReadState.swift */ = {isa = PBXFileReference; lastKnownFileType = sourcecode.swift; name = PeerReadState.swift; path = Sources/PeerReadState.swift; sourceTree = SOURCE_ROOT; };
		1DD70E29D151643900000000 /* ChatListTotalUnreadState.swift */ = {isa = PBXFileReference; lastKnownFileType = sourcecode.swift; name = ChatListTotalUnreadState.swift; path = Sources/ChatListTotalUnreadState.swift; sourceTree = SOURCE_ROOT; };
		1DD70E29D5968E5C00000000 /* libPostboxDataTypes.a */ = {isa = PBXFileReference; explicitFileType = archive.ar; path = libPostboxDataTypes.a; sourceTree = BUILT_PRODUCTS_DIR; };
		1DD70E29D65BA68200000000 /* libSwiftSignalKit.dylib */ = {isa = PBXFileReference; explicitFileType = "compiled.mach-o.dylib"; path = libSwiftSignalKit.dylib; sourceTree = BUILT_PRODUCTS_DIR; };
		1DD70E29DC30989D00000000 /* PostboxDataTypes-Release.xcconfig */ = {isa = PBXFileReference; explicitFileType = text.xcconfig; name = "PostboxDataTypes-Release.xcconfig"; path = "../../../buck-out/gen/submodules/Database/PostboxDataTypes/PostboxDataTypes-Release.xcconfig"; sourceTree = SOURCE_ROOT; };
		634E8CC1245B2D18007CD07F /* SwiftSignalKit.framework */ = {isa = PBXFileReference; explicitFileType = wrapper.framework; path = SwiftSignalKit.framework; sourceTree = BUILT_PRODUCTS_DIR; };
/* End PBXFileReference section */

/* Begin PBXFrameworksBuildPhase section */
		634E8CC0245B2D15007CD07F /* Frameworks */ = {
			isa = PBXFrameworksBuildPhase;
			buildActionMask = 2147483647;
			files = (
				634E8CC2245B2D18007CD07F /* SwiftSignalKit.framework in Frameworks */,
			);
			runOnlyForDeploymentPostprocessing = 0;
		};
/* End PBXFrameworksBuildPhase section */

/* Begin PBXGroup section */
		B401C9792F7F325000000000 /* Buck (Do Not Modify) */ = {
			isa = PBXGroup;
			children = (
				1DD70E290244961100000000 /* PostboxDataTypes-Debug.xcconfig */,
				1DD70E296899ED3B00000000 /* PostboxDataTypes-Profile.xcconfig */,
				1DD70E29DC30989D00000000 /* PostboxDataTypes-Release.xcconfig */,
			);
			name = "Buck (Do Not Modify)";
			sourceTree = "<group>";
		};
		B401C9796281962400000000 /* PostboxDataTypes */ = {
			isa = PBXGroup;
			children = (
				1DD70E29001F47FB00000000 /* BUCK */,
				B401C979EAB5339800000000 /* Sources */,
			);
			name = PostboxDataTypes;
			sourceTree = "<group>";
		};
		B401C97968022A5500000000 /* Frameworks */ = {
			isa = PBXGroup;
			children = (
				634E8CC1245B2D18007CD07F /* SwiftSignalKit.framework */,
				1DD70E294FF93C6100000000 /* libBuffers.a */,
				1DD70E29AA56A28600000000 /* libMurmurHash.a */,
				1DD70E293DFF9BE300000000 /* libPostboxCoding.a */,
				1DD70E29D65BA68200000000 /* libSwiftSignalKit.dylib */,
				1DD70E29B5B1D67200000000 /* libValueBox.a */,
			);
			name = Frameworks;
			sourceTree = "<group>";
		};
		B401C979B781F65D00000000 /* Configurations */ = {
			isa = PBXGroup;
			children = (
				B401C9792F7F325000000000 /* Buck (Do Not Modify) */,
			);
			name = Configurations;
			sourceTree = "<group>";
		};
		B401C979C806358400000000 /* Products */ = {
			isa = PBXGroup;
			children = (
				1DD70E29D5968E5C00000000 /* libPostboxDataTypes.a */,
			);
			name = Products;
			sourceTree = "<group>";
		};
		B401C979EAB5339800000000 /* Sources */ = {
			isa = PBXGroup;
			children = (
				1DD70E29D151643900000000 /* ChatListTotalUnreadState.swift */,
				1DD70E29B0F6AD9200000000 /* MediaResourceId.swift */,
				1DD70E298E8CDC8700000000 /* MessageId.swift */,
				1DD70E29AE22D79000000000 /* MessageIndex.swift */,
				1DD70E29B55B66A700000000 /* Peer.swift */,
				1DD70E298043F0BD00000000 /* PeerGroupId.swift */,
				1DD70E292B615F2200000000 /* PeerId.swift */,
				1DD70E29C9DCF11E00000000 /* PeerReadState.swift */,
				1DD70E29A89E4BB600000000 /* PeerSummaryCounterTags.swift */,
			);
			name = Sources;
			sourceTree = "<group>";
		};
		B401C979EFB6AC4600000000 /* mainGroup */ = {
			isa = PBXGroup;
			children = (
				B401C979B781F65D00000000 /* Configurations */,
				B401C97968022A5500000000 /* Frameworks */,
				B401C9796281962400000000 /* PostboxDataTypes */,
				B401C979C806358400000000 /* Products */,
			);
			name = mainGroup;
			sourceTree = "<group>";
		};
/* End PBXGroup section */

/* Begin PBXNativeTarget section */
		E66DC04E6281962400000000 /* PostboxDataTypes */ = {
			isa = PBXNativeTarget;
			buildConfigurationList = 218C37090000000000000000 /* Build configuration list for PBXNativeTarget "PostboxDataTypes" */;
			buildPhases = (
				1870857F0000000000000000 /* Sources */,
				FAF5FAC90000000000000000 /* Fake Swift Dependencies (Copy Files Phase) */,
				634E8CC0245B2D15007CD07F /* Frameworks */,
			);
			buildRules = (
			);
			dependencies = (
			);
			name = PostboxDataTypes;
			productName = PostboxDataTypes;
			productReference = 1DD70E29D5968E5C00000000 /* libPostboxDataTypes.a */;
			productType = "com.apple.product-type.library.static";
		};
/* End PBXNativeTarget section */

/* Begin PBXProject section */
		96C847936281962400000000 /* Project object */ = {
			isa = PBXProject;
			attributes = {
				LastUpgradeCheck = 9999;
			};
			buildConfigurationList = 218C37090000000000000001 /* Build configuration list for PBXProject "PostboxDataTypes" */;
			compatibilityVersion = "Xcode 3.2";
			developmentRegion = en;
			hasScannedForEncodings = 0;
			knownRegions = (
				en,
				Base,
			);
			mainGroup = B401C979EFB6AC4600000000 /* mainGroup */;
			projectDirPath = "";
			projectRoot = "";
			targets = (
				E66DC04E6281962400000000 /* PostboxDataTypes */,
			);
		};
/* End PBXProject section */

/* Begin PBXSourcesBuildPhase section */
		1870857F0000000000000000 /* Sources */ = {
			isa = PBXSourcesBuildPhase;
			buildActionMask = 0;
			files = (
				E7A30F04D151643900000000 /* ChatListTotalUnreadState.swift in Sources */,
				E7A30F04B0F6AD9200000000 /* MediaResourceId.swift in Sources */,
				E7A30F048E8CDC8700000000 /* MessageId.swift in Sources */,
				E7A30F04AE22D79000000000 /* MessageIndex.swift in Sources */,
				E7A30F04B55B66A700000000 /* Peer.swift in Sources */,
				E7A30F048043F0BD00000000 /* PeerGroupId.swift in Sources */,
				E7A30F042B615F2200000000 /* PeerId.swift in Sources */,
				E7A30F04C9DCF11E00000000 /* PeerReadState.swift in Sources */,
				E7A30F04A89E4BB600000000 /* PeerSummaryCounterTags.swift in Sources */,
			);
			runOnlyForDeploymentPostprocessing = 0;
		};
/* End PBXSourcesBuildPhase section */

/* Begin XCBuildConfiguration section */
		4952437303EDA63300000000 /* Debug */ = {
			isa = XCBuildConfiguration;
			baseConfigurationReference = 1DD70E290244961100000000 /* PostboxDataTypes-Debug.xcconfig */;
			buildSettings = {
			};
			name = Debug;
		};
		4952437303EDA63300000001 /* Debug */ = {
			isa = XCBuildConfiguration;
			buildSettings = {
			};
			name = Debug;
		};
		4952437350C7218900000000 /* Profile */ = {
			isa = XCBuildConfiguration;
			baseConfigurationReference = 1DD70E296899ED3B00000000 /* PostboxDataTypes-Profile.xcconfig */;
			buildSettings = {
			};
			name = Profile;
		};
		4952437350C7218900000001 /* Profile */ = {
			isa = XCBuildConfiguration;
			buildSettings = {
			};
			name = Profile;
		};
		49524373A439BFE700000000 /* Release */ = {
			isa = XCBuildConfiguration;
			baseConfigurationReference = 1DD70E29DC30989D00000000 /* PostboxDataTypes-Release.xcconfig */;
			buildSettings = {
			};
			name = Release;
		};
		49524373A439BFE700000001 /* Release */ = {
			isa = XCBuildConfiguration;
			buildSettings = {
			};
			name = Release;
		};
/* End XCBuildConfiguration section */

/* Begin XCConfigurationList section */
		218C37090000000000000000 /* Build configuration list for PBXNativeTarget "PostboxDataTypes" */ = {
			isa = XCConfigurationList;
			buildConfigurations = (
				4952437303EDA63300000000 /* Debug */,
				4952437350C7218900000000 /* Profile */,
				49524373A439BFE700000000 /* Release */,
			);
			defaultConfigurationIsVisible = 0;
			defaultConfigurationName = Release;
		};
		218C37090000000000000001 /* Build configuration list for PBXProject "PostboxDataTypes" */ = {
			isa = XCConfigurationList;
			buildConfigurations = (
				4952437303EDA63300000001 /* Debug */,
				4952437350C7218900000001 /* Profile */,
				49524373A439BFE700000001 /* Release */,
			);
			defaultConfigurationIsVisible = 0;
			defaultConfigurationName = Release;
		};
/* End XCConfigurationList section */
	};
	rootObject = 96C847936281962400000000 /* Project object */;
}
