// !$*UTF8*$!
{
	archiveVersion = 1;
	classes = {
	};
	objectVersion = 52;
	objects = {

/* Begin PBXBuildFile section */
		634E88B4245B1E9F007CD07F /* TelegramCore.framework in Frameworks */ = {isa = PBXBuildFile; fileRef = 634E88B3245B1E9F007CD07F /* TelegramCore.framework */; settings = {ATTRIBUTES = (Weak, ); }; };
		634E88B6245B1E9F007CD07F /* SyncCore.framework in Frameworks */ = {isa = PBXBuildFile; fileRef = 634E88B5245B1E9F007CD07F /* SyncCore.framework */; settings = {ATTRIBUTES = (Weak, ); }; };
		634E88B8245B1E9F007CD07F /* Postbox.framework in Frameworks */ = {isa = PBXBuildFile; fileRef = 634E88B7245B1E9F007CD07F /* Postbox.framework */; settings = {ATTRIBUTES = (Weak, ); }; };
		634E88BA245B1E9F007CD07F /* Display.framework in Frameworks */ = {isa = PBXBuildFile; fileRef = 634E88B9245B1E9F007CD07F /* Display.framework */; settings = {ATTRIBUTES = (Weak, ); }; };
		634E88BC245B1E9F007CD07F /* SwiftSignalKit.framework in Frameworks */ = {isa = PBXBuildFile; fileRef = 634E88BB245B1E9F007CD07F /* SwiftSignalKit.framework */; settings = {ATTRIBUTES = (Weak, ); }; };
		6389DF99245BF2B100450397 /* CloudVeil-securityManager-ios in Frameworks */ = {isa = PBXBuildFile; productRef = 6389DF98245BF2B100450397 /* CloudVeil-securityManager-ios */; };
		E7A30F0404D1181B00000000 /* ChatListSelection.swift in Sources */ = {isa = PBXBuildFile; fileRef = 1DD70E2904D1181B00000000 /* ChatListSelection.swift */; };
		E7A30F0405A95CB400000000 /* libItemListPeerActionItem.a in Fake Swift Dependencies (Copy Files Phase) */ = {isa = PBXBuildFile; fileRef = 1DD70E2905A95CB400000000 /* libItemListPeerActionItem.a */; };
		E7A30F0406CA893E00000000 /* ChatListEmptyNode.swift in Sources */ = {isa = PBXBuildFile; fileRef = 1DD70E2906CA893E00000000 /* ChatListEmptyNode.swift */; };
		E7A30F0407DC840B00000000 /* libChatListSearchItemNode.a in Fake Swift Dependencies (Copy Files Phase) */ = {isa = PBXBuildFile; fileRef = 1DD70E2907DC840B00000000 /* libChatListSearchItemNode.a */; };
		E7A30F0408F8F72E00000000 /* ChatListFilterPresetController.swift in Sources */ = {isa = PBXBuildFile; fileRef = 1DD70E2908F8F72E00000000 /* ChatListFilterPresetController.swift */; };
		E7A30F04097DBE9200000000 /* libSelectablePeerNode.a in Fake Swift Dependencies (Copy Files Phase) */ = {isa = PBXBuildFile; fileRef = 1DD70E29097DBE9200000000 /* libSelectablePeerNode.a */; };
		E7A30F040DD17C7100000000 /* libTelegramPermissions.a in Fake Swift Dependencies (Copy Files Phase) */ = {isa = PBXBuildFile; fileRef = 1DD70E290DD17C7100000000 /* libTelegramPermissions.a */; };
		E7A30F040F1A3C6400000000 /* libPlatformRestrictionMatching.a in Fake Swift Dependencies (Copy Files Phase) */ = {isa = PBXBuildFile; fileRef = 1DD70E290F1A3C6400000000 /* libPlatformRestrictionMatching.a */; };
		E7A30F041328E99400000000 /* libSearchUI.a in Fake Swift Dependencies (Copy Files Phase) */ = {isa = PBXBuildFile; fileRef = 1DD70E291328E99400000000 /* libSearchUI.a */; };
		E7A30F041631B91900000000 /* libPeersNearbyIconNode.a in Fake Swift Dependencies (Copy Files Phase) */ = {isa = PBXBuildFile; fileRef = 1DD70E291631B91900000000 /* libPeersNearbyIconNode.a */; };
		E7A30F041D58331200000000 /* libSaveToCameraRoll.a in Fake Swift Dependencies (Copy Files Phase) */ = {isa = PBXBuildFile; fileRef = 1DD70E291D58331200000000 /* libSaveToCameraRoll.a */; };
		E7A30F041E16CC6C00000000 /* libActionSheetPeerItem.a in Fake Swift Dependencies (Copy Files Phase) */ = {isa = PBXBuildFile; fileRef = 1DD70E291E16CC6C00000000 /* libActionSheetPeerItem.a */; };
		E7A30F042395015100000000 /* libTelegramUIPreferences.a in Fake Swift Dependencies (Copy Files Phase) */ = {isa = PBXBuildFile; fileRef = 1DD70E292395015100000000 /* libTelegramUIPreferences.a */; };
		E7A30F042417E0B200000000 /* libDeviceAccess.a in Fake Swift Dependencies (Copy Files Phase) */ = {isa = PBXBuildFile; fileRef = 1DD70E292417E0B200000000 /* libDeviceAccess.a */; };
		E7A30F042420028600000000 /* libAnimationUI.a in Fake Swift Dependencies (Copy Files Phase) */ = {isa = PBXBuildFile; fileRef = 1DD70E292420028600000000 /* libAnimationUI.a */; };
		E7A30F04247D9AC100000000 /* libImageTransparency.a in Fake Swift Dependencies (Copy Files Phase) */ = {isa = PBXBuildFile; fileRef = 1DD70E29247D9AC100000000 /* libImageTransparency.a */; };
		E7A30F0425BBFEEE00000000 /* libSwitchNode.a in Fake Swift Dependencies (Copy Files Phase) */ = {isa = PBXBuildFile; fileRef = 1DD70E2925BBFEEE00000000 /* libSwitchNode.a */; };
		E7A30F0428E77D0F00000000 /* ChatListStatusNode.swift in Sources */ = {isa = PBXBuildFile; fileRef = 1DD70E2928E77D0F00000000 /* ChatListStatusNode.swift */; };
		E7A30F042969635400000000 /* libLiveLocationTimerNode.a in Fake Swift Dependencies (Copy Files Phase) */ = {isa = PBXBuildFile; fileRef = 1DD70E292969635400000000 /* libLiveLocationTimerNode.a */; };
		E7A30F042ECB2C1400000000 /* ChatListBadgeNode.swift in Sources */ = {isa = PBXBuildFile; fileRef = 1DD70E292ECB2C1400000000 /* ChatListBadgeNode.swift */; };
		E7A30F042F91702000000000 /* libContactListUI.a in Fake Swift Dependencies (Copy Files Phase) */ = {isa = PBXBuildFile; fileRef = 1DD70E292F91702000000000 /* libContactListUI.a */; };
		E7A30F04308FEF0200000000 /* ChatContextMenus.swift in Sources */ = {isa = PBXBuildFile; fileRef = 1DD70E29308FEF0200000000 /* ChatContextMenus.swift */; };
		E7A30F0431752C6000000000 /* libContactsPeerItem.a in Fake Swift Dependencies (Copy Files Phase) */ = {isa = PBXBuildFile; fileRef = 1DD70E2931752C6000000000 /* libContactsPeerItem.a */; };
		E7A30F0434FE8F2900000000 /* libTelegramAnimatedStickerNode.a in Fake Swift Dependencies (Copy Files Phase) */ = {isa = PBXBuildFile; fileRef = 1DD70E2934FE8F2900000000 /* libTelegramAnimatedStickerNode.a */; };
		E7A30F043551C98400000000 /* libTelegramIntents.a in Fake Swift Dependencies (Copy Files Phase) */ = {isa = PBXBuildFile; fileRef = 1DD70E293551C98400000000 /* libTelegramIntents.a */; };
		E7A30F043594DCC000000000 /* libStickerResources.a in Fake Swift Dependencies (Copy Files Phase) */ = {isa = PBXBuildFile; fileRef = 1DD70E293594DCC000000000 /* libStickerResources.a */; };
		E7A30F0436DE2CF900000000 /* libMediaResources.a in Fake Swift Dependencies (Copy Files Phase) */ = {isa = PBXBuildFile; fileRef = 1DD70E2936DE2CF900000000 /* libMediaResources.a */; };
		E7A30F043CAE4EF300000000 /* ChatListAdditionalCategoryItem.swift in Sources */ = {isa = PBXBuildFile; fileRef = 1DD70E293CAE4EF300000000 /* ChatListAdditionalCategoryItem.swift */; };
		E7A30F043E4DE92B00000000 /* libRadialStatusNode.a in Fake Swift Dependencies (Copy Files Phase) */ = {isa = PBXBuildFile; fileRef = 1DD70E293E4DE92B00000000 /* libRadialStatusNode.a */; };
		E7A30F0443136EC600000000 /* libTelegramBaseController.a in Fake Swift Dependencies (Copy Files Phase) */ = {isa = PBXBuildFile; fileRef = 1DD70E2943136EC600000000 /* libTelegramBaseController.a */; };
		E7A30F0443B2E93900000000 /* ChatListControllerNode.swift in Sources */ = {isa = PBXBuildFile; fileRef = 1DD70E2943B2E93900000000 /* ChatListControllerNode.swift */; };
		E7A30F04490601EB00000000 /* libPhotoResources.a in Fake Swift Dependencies (Copy Files Phase) */ = {isa = PBXBuildFile; fileRef = 1DD70E29490601EB00000000 /* libPhotoResources.a */; };
		E7A30F044E24879B00000000 /* libPresentationDataUtils.a in Fake Swift Dependencies (Copy Files Phase) */ = {isa = PBXBuildFile; fileRef = 1DD70E294E24879B00000000 /* libPresentationDataUtils.a */; };
		E7A30F044EC20C1300000000 /* ChatListTitleProxyNode.swift in Sources */ = {isa = PBXBuildFile; fileRef = 1DD70E294EC20C1300000000 /* ChatListTitleProxyNode.swift */; };
		E7A30F044FE4316C00000000 /* ChatListFilterPresetListController.swift in Sources */ = {isa = PBXBuildFile; fileRef = 1DD70E294FE4316C00000000 /* ChatListFilterPresetListController.swift */; };
		E7A30F0451398CF200000000 /* libUniversalMediaPlayer.a in Fake Swift Dependencies (Copy Files Phase) */ = {isa = PBXBuildFile; fileRef = 1DD70E2951398CF200000000 /* libUniversalMediaPlayer.a */; };
		E7A30F04524F478E00000000 /* libSolidRoundedButtonNode.a in Fake Swift Dependencies (Copy Files Phase) */ = {isa = PBXBuildFile; fileRef = 1DD70E29524F478E00000000 /* libSolidRoundedButtonNode.a */; };
		E7A30F045385342A00000000 /* ChatListSearchContainerNode.swift in Sources */ = {isa = PBXBuildFile; fileRef = 1DD70E295385342A00000000 /* ChatListSearchContainerNode.swift */; };
		E7A30F04577C319700000000 /* ChatListController.swift in Sources */ = {isa = PBXBuildFile; fileRef = 1DD70E29577C319700000000 /* ChatListController.swift */; };
		E7A30F0457B5522500000000 /* libSegmentedControlNode.a in Fake Swift Dependencies (Copy Files Phase) */ = {isa = PBXBuildFile; fileRef = 1DD70E2957B5522500000000 /* libSegmentedControlNode.a */; };
		E7A30F0458CFD47D00000000 /* libStringPluralization.a in Fake Swift Dependencies (Copy Files Phase) */ = {isa = PBXBuildFile; fileRef = 1DD70E2958CFD47D00000000 /* libStringPluralization.a */; };
		E7A30F045915423000000000 /* libDeviceLocationManager.a in Fake Swift Dependencies (Copy Files Phase) */ = {isa = PBXBuildFile; fileRef = 1DD70E295915423000000000 /* libDeviceLocationManager.a */; };
		E7A30F04597BAFBB00000000 /* libUrlEscaping.a in Fake Swift Dependencies (Copy Files Phase) */ = {isa = PBXBuildFile; fileRef = 1DD70E29597BAFBB00000000 /* libUrlEscaping.a */; };
		E7A30F045A26607D00000000 /* libItemListUI.a in Fake Swift Dependencies (Copy Files Phase) */ = {isa = PBXBuildFile; fileRef = 1DD70E295A26607D00000000 /* libItemListUI.a */; };
		E7A30F045C9B85C300000000 /* ChatListFilterPresetCategoryItem.swift in Sources */ = {isa = PBXBuildFile; fileRef = 1DD70E295C9B85C300000000 /* ChatListFilterPresetCategoryItem.swift */; };
		E7A30F0462D1922E00000000 /* ChatListHoleItem.swift in Sources */ = {isa = PBXBuildFile; fileRef = 1DD70E2962D1922E00000000 /* ChatListHoleItem.swift */; };
		E7A30F046C9831F100000000 /* libContextUI.a in Fake Swift Dependencies (Copy Files Phase) */ = {isa = PBXBuildFile; fileRef = 1DD70E296C9831F100000000 /* libContextUI.a */; };
		E7A30F0471947DA100000000 /* ChatListFilterTabContainerNode.swift in Sources */ = {isa = PBXBuildFile; fileRef = 1DD70E2971947DA100000000 /* ChatListFilterTabContainerNode.swift */; };
		E7A30F0471ED41B100000000 /* libHorizontalPeerItem.a in Fake Swift Dependencies (Copy Files Phase) */ = {isa = PBXBuildFile; fileRef = 1DD70E2971ED41B100000000 /* libHorizontalPeerItem.a */; };
		E7A30F047AB043C800000000 /* libChatListSearchRecentPeersNode.a in Fake Swift Dependencies (Copy Files Phase) */ = {isa = PBXBuildFile; fileRef = 1DD70E297AB043C800000000 /* libChatListSearchRecentPeersNode.a */; };
		E7A30F047D760B8800000000 /* ChatListFilterTabInlineContainerNode.swift in Sources */ = {isa = PBXBuildFile; fileRef = 1DD70E297D760B8800000000 /* ChatListFilterTabInlineContainerNode.swift */; };
		E7A30F047E2E5F8700000000 /* libMarkdown.a in Fake Swift Dependencies (Copy Files Phase) */ = {isa = PBXBuildFile; fileRef = 1DD70E297E2E5F8700000000 /* libMarkdown.a */; };
		E7A30F0481AE180900000000 /* libShareController.a in Fake Swift Dependencies (Copy Files Phase) */ = {isa = PBXBuildFile; fileRef = 1DD70E2981AE180900000000 /* libShareController.a */; };
		E7A30F0484A59C1D00000000 /* libTelegramPresentationData.a in Fake Swift Dependencies (Copy Files Phase) */ = {isa = PBXBuildFile; fileRef = 1DD70E2984A59C1D00000000 /* libTelegramPresentationData.a */; };
		E7A30F0488BAAFC800000000 /* libTelegramNotices.a in Fake Swift Dependencies (Copy Files Phase) */ = {isa = PBXBuildFile; fileRef = 1DD70E2988BAAFC800000000 /* libTelegramNotices.a */; };
		E7A30F0489C1B99200000000 /* ChatListArchiveInfoItem.swift in Sources */ = {isa = PBXBuildFile; fileRef = 1DD70E2989C1B99200000000 /* ChatListArchiveInfoItem.swift */; };
		E7A30F048B84481200000000 /* ChatListNodeLocation.swift in Sources */ = {isa = PBXBuildFile; fileRef = 1DD70E298B84481200000000 /* ChatListNodeLocation.swift */; };
		E7A30F04912D4C8D00000000 /* TabBarChatListFilterController.swift in Sources */ = {isa = PBXBuildFile; fileRef = 1DD70E29912D4C8D00000000 /* TabBarChatListFilterController.swift */; };
		E7A30F04928D142900000000 /* libPeerOnlineMarkerNode.a in Fake Swift Dependencies (Copy Files Phase) */ = {isa = PBXBuildFile; fileRef = 1DD70E29928D142900000000 /* libPeerOnlineMarkerNode.a */; };
		E7A30F0493AA1ABD00000000 /* ChatListNodeEntries.swift in Sources */ = {isa = PBXBuildFile; fileRef = 1DD70E2993AA1ABD00000000 /* ChatListNodeEntries.swift */; };
		E7A30F049588C17700000000 /* ChatListTitleLockView.swift in Sources */ = {isa = PBXBuildFile; fileRef = 1DD70E299588C17700000000 /* ChatListTitleLockView.swift */; };
		E7A30F04978C105400000000 /* ChatListTypingNode.swift in Sources */ = {isa = PBXBuildFile; fileRef = 1DD70E29978C105400000000 /* ChatListTypingNode.swift */; };
		E7A30F0497B4D6D800000000 /* libCheckNode.a in Fake Swift Dependencies (Copy Files Phase) */ = {isa = PBXBuildFile; fileRef = 1DD70E2997B4D6D800000000 /* libCheckNode.a */; };
		E7A30F049A24C4DE00000000 /* libItemListPeerItem.a in Fake Swift Dependencies (Copy Files Phase) */ = {isa = PBXBuildFile; fileRef = 1DD70E299A24C4DE00000000 /* libItemListPeerItem.a */; };
		E7A30F049D2580DA00000000 /* libAccountContext.a in Fake Swift Dependencies (Copy Files Phase) */ = {isa = PBXBuildFile; fileRef = 1DD70E299D2580DA00000000 /* libAccountContext.a */; };
		E7A30F04A4AF824500000000 /* libTooltipUI.a in Fake Swift Dependencies (Copy Files Phase) */ = {isa = PBXBuildFile; fileRef = 1DD70E29A4AF824500000000 /* libTooltipUI.a */; };
		E7A30F04A54A195300000000 /* libAvatarNode.a in Fake Swift Dependencies (Copy Files Phase) */ = {isa = PBXBuildFile; fileRef = 1DD70E29A54A195300000000 /* libAvatarNode.a */; };
		E7A30F04AA71255F00000000 /* ChatListPresentationData.swift in Sources */ = {isa = PBXBuildFile; fileRef = 1DD70E29AA71255F00000000 /* ChatListPresentationData.swift */; };
		E7A30F04AC43662400000000 /* libListSectionHeaderNode.a in Fake Swift Dependencies (Copy Files Phase) */ = {isa = PBXBuildFile; fileRef = 1DD70E29AC43662400000000 /* libListSectionHeaderNode.a */; };
		E7A30F04AD66967300000000 /* libReactionSelectionNode.a in Fake Swift Dependencies (Copy Files Phase) */ = {isa = PBXBuildFile; fileRef = 1DD70E29AD66967300000000 /* libReactionSelectionNode.a */; };
		E7A30F04AE67341000000000 /* libUndoUI.a in Fake Swift Dependencies (Copy Files Phase) */ = {isa = PBXBuildFile; fileRef = 1DD70E29AE67341000000000 /* libUndoUI.a */; };
		E7A30F04B2B7F8DC00000000 /* libPhoneNumberFormat.a in Fake Swift Dependencies (Copy Files Phase) */ = {isa = PBXBuildFile; fileRef = 1DD70E29B2B7F8DC00000000 /* libPhoneNumberFormat.a */; };
		E7A30F04B4B05B7A00000000 /* libTinyThumbnail.a in Fake Swift Dependencies (Copy Files Phase) */ = {isa = PBXBuildFile; fileRef = 1DD70E29B4B05B7A00000000 /* libTinyThumbnail.a */; };
		E7A30F04B4C80FFD00000000 /* ChatListNode.swift in Sources */ = {isa = PBXBuildFile; fileRef = 1DD70E29B4C80FFD00000000 /* ChatListNode.swift */; };
		E7A30F04B6F47D1F00000000 /* libChatTitleActivityNode.a in Fake Swift Dependencies (Copy Files Phase) */ = {isa = PBXBuildFile; fileRef = 1DD70E29B6F47D1F00000000 /* libChatTitleActivityNode.a */; };
		E7A30F04BA06E3A600000000 /* libTemporaryCachedPeerDataManager.a in Fake Swift Dependencies (Copy Files Phase) */ = {isa = PBXBuildFile; fileRef = 1DD70E29BA06E3A600000000 /* libTemporaryCachedPeerDataManager.a */; };
		E7A30F04BBAF750C00000000 /* libOverlayStatusController.a in Fake Swift Dependencies (Copy Files Phase) */ = {isa = PBXBuildFile; fileRef = 1DD70E29BBAF750C00000000 /* libOverlayStatusController.a */; };
		E7A30F04BE4AC65500000000 /* ChatListViewTransition.swift in Sources */ = {isa = PBXBuildFile; fileRef = 1DD70E29BE4AC65500000000 /* ChatListViewTransition.swift */; };
		E7A30F04BF0846EE00000000 /* libActivityIndicator.a in Fake Swift Dependencies (Copy Files Phase) */ = {isa = PBXBuildFile; fileRef = 1DD70E29BF0846EE00000000 /* libActivityIndicator.a */; };
		E7A30F04C172C6F000000000 /* ChatListFilterPresetListSuggestedItem.swift in Sources */ = {isa = PBXBuildFile; fileRef = 1DD70E29C172C6F000000000 /* ChatListFilterPresetListSuggestedItem.swift */; };
		E7A30F04C37F741500000000 /* libMergeLists.a in Fake Swift Dependencies (Copy Files Phase) */ = {isa = PBXBuildFile; fileRef = 1DD70E29C37F741500000000 /* libMergeLists.a */; };
		E7A30F04CAC7CFE300000000 /* ChatListFilterPresetListItem.swift in Sources */ = {isa = PBXBuildFile; fileRef = 1DD70E29CAC7CFE300000000 /* ChatListFilterPresetListItem.swift */; };
		E7A30F04CBE117ED00000000 /* libProgressNavigationButtonNode.a in Fake Swift Dependencies (Copy Files Phase) */ = {isa = PBXBuildFile; fileRef = 1DD70E29CBE117ED00000000 /* libProgressNavigationButtonNode.a */; };
		E7A30F04CD296A8300000000 /* libTuples.a in Fake Swift Dependencies (Copy Files Phase) */ = {isa = PBXBuildFile; fileRef = 1DD70E29CD296A8300000000 /* libTuples.a */; };
		E7A30F04CE34063500000000 /* libLocalizedPeerData.a in Fake Swift Dependencies (Copy Files Phase) */ = {isa = PBXBuildFile; fileRef = 1DD70E29CE34063500000000 /* libLocalizedPeerData.a */; };
		E7A30F04CED1620500000000 /* libDeleteChatPeerActionSheetItem.a in Fake Swift Dependencies (Copy Files Phase) */ = {isa = PBXBuildFile; fileRef = 1DD70E29CED1620500000000 /* libDeleteChatPeerActionSheetItem.a */; };
		E7A30F04D15C599600000000 /* ChatListFilterSettingsHeaderItem.swift in Sources */ = {isa = PBXBuildFile; fileRef = 1DD70E29D15C599600000000 /* ChatListFilterSettingsHeaderItem.swift */; };
		E7A30F04D233F68C00000000 /* libPeerPresenceStatusManager.a in Fake Swift Dependencies (Copy Files Phase) */ = {isa = PBXBuildFile; fileRef = 1DD70E29D233F68C00000000 /* libPeerPresenceStatusManager.a */; };
		E7A30F04D6F14E1000000000 /* libImageBlur.a in Fake Swift Dependencies (Copy Files Phase) */ = {isa = PBXBuildFile; fileRef = 1DD70E29D6F14E1000000000 /* libImageBlur.a */; };
		E7A30F04DD3C940F00000000 /* libTelegramStringFormatting.a in Fake Swift Dependencies (Copy Files Phase) */ = {isa = PBXBuildFile; fileRef = 1DD70E29DD3C940F00000000 /* libTelegramStringFormatting.a */; };
		E7A30F04DF758A8500000000 /* libTelegramPermissionsUI.a in Fake Swift Dependencies (Copy Files Phase) */ = {isa = PBXBuildFile; fileRef = 1DD70E29DF758A8500000000 /* libTelegramPermissionsUI.a */; };
		E7A30F04E220F5E800000000 /* libLanguageSuggestionUI.a in Fake Swift Dependencies (Copy Files Phase) */ = {isa = PBXBuildFile; fileRef = 1DD70E29E220F5E800000000 /* libLanguageSuggestionUI.a */; };
		E7A30F04E3C20C4E00000000 /* ChatListItem.swift in Sources */ = {isa = PBXBuildFile; fileRef = 1DD70E29E3C20C4E00000000 /* ChatListItem.swift */; };
		E7A30F04E3C578AA00000000 /* libAnimatedStickerNode.a in Fake Swift Dependencies (Copy Files Phase) */ = {isa = PBXBuildFile; fileRef = 1DD70E29E3C578AA00000000 /* libAnimatedStickerNode.a */; };
		E7A30F04E691DAEC00000000 /* ChatListTitleView.swift in Sources */ = {isa = PBXBuildFile; fileRef = 1DD70E29E691DAEC00000000 /* ChatListTitleView.swift */; };
		E7A30F04EA9CBB5B00000000 /* libSearchBarNode.a in Fake Swift Dependencies (Copy Files Phase) */ = {isa = PBXBuildFile; fileRef = 1DD70E29EA9CBB5B00000000 /* libSearchBarNode.a */; };
		E7A30F04F0C15F9C00000000 /* libTextFormat.a in Fake Swift Dependencies (Copy Files Phase) */ = {isa = PBXBuildFile; fileRef = 1DD70E29F0C15F9C00000000 /* libTextFormat.a */; };
		E7A30F04F33FDAC300000000 /* libTelegramAudio.a in Fake Swift Dependencies (Copy Files Phase) */ = {isa = PBXBuildFile; fileRef = 1DD70E29F33FDAC300000000 /* libTelegramAudio.a */; };
		E7A30F04F38B0ABC00000000 /* ChatListEmptyHeaderItem.swift in Sources */ = {isa = PBXBuildFile; fileRef = 1DD70E29F38B0ABC00000000 /* ChatListEmptyHeaderItem.swift */; };
		E7A30F04F40A586F00000000 /* libTextSelectionNode.a in Fake Swift Dependencies (Copy Files Phase) */ = {isa = PBXBuildFile; fileRef = 1DD70E29F40A586F00000000 /* libTextSelectionNode.a */; };
		E7A30F04F523B9DE00000000 /* libAlertUI.a in Fake Swift Dependencies (Copy Files Phase) */ = {isa = PBXBuildFile; fileRef = 1DD70E29F523B9DE00000000 /* libAlertUI.a */; };
		E7A30F04F726BE7600000000 /* ChatListRecentPeersListItem.swift in Sources */ = {isa = PBXBuildFile; fileRef = 1DD70E29F726BE7600000000 /* ChatListRecentPeersListItem.swift */; };
		E7A30F04FD72F45600000000 /* libChatListSearchItemHeader.a in Fake Swift Dependencies (Copy Files Phase) */ = {isa = PBXBuildFile; fileRef = 1DD70E29FD72F45600000000 /* libChatListSearchItemHeader.a */; };
		E7A30F04FF0A31BE00000000 /* ChatListItemStrings.swift in Sources */ = {isa = PBXBuildFile; fileRef = 1DD70E29FF0A31BE00000000 /* ChatListItemStrings.swift */; };
/* End PBXBuildFile section */

/* Begin PBXCopyFilesBuildPhase section */
		FAF5FAC90000000000000000 /* Fake Swift Dependencies (Copy Files Phase) */ = {
			isa = PBXCopyFilesBuildPhase;
			buildActionMask = 0;
			dstPath = "";
			dstSubfolderSpec = 16;
			files = (
				E7A30F045915423000000000 /* libDeviceLocationManager.a in Fake Swift Dependencies (Copy Files Phase) */,
				E7A30F04F33FDAC300000000 /* libTelegramAudio.a in Fake Swift Dependencies (Copy Files Phase) */,
				E7A30F0451398CF200000000 /* libUniversalMediaPlayer.a in Fake Swift Dependencies (Copy Files Phase) */,
				E7A30F0436DE2CF900000000 /* libMediaResources.a in Fake Swift Dependencies (Copy Files Phase) */,
				E7A30F0458CFD47D00000000 /* libStringPluralization.a in Fake Swift Dependencies (Copy Files Phase) */,
				E7A30F042395015100000000 /* libTelegramUIPreferences.a in Fake Swift Dependencies (Copy Files Phase) */,
				E7A30F0484A59C1D00000000 /* libTelegramPresentationData.a in Fake Swift Dependencies (Copy Files Phase) */,
				E7A30F04B2B7F8DC00000000 /* libPhoneNumberFormat.a in Fake Swift Dependencies (Copy Files Phase) */,
				E7A30F04CE34063500000000 /* libLocalizedPeerData.a in Fake Swift Dependencies (Copy Files Phase) */,
				E7A30F047E2E5F8700000000 /* libMarkdown.a in Fake Swift Dependencies (Copy Files Phase) */,
				E7A30F040F1A3C6400000000 /* libPlatformRestrictionMatching.a in Fake Swift Dependencies (Copy Files Phase) */,
				E7A30F04F0C15F9C00000000 /* libTextFormat.a in Fake Swift Dependencies (Copy Files Phase) */,
				E7A30F04DD3C940F00000000 /* libTelegramStringFormatting.a in Fake Swift Dependencies (Copy Files Phase) */,
				E7A30F04BA06E3A600000000 /* libTemporaryCachedPeerDataManager.a in Fake Swift Dependencies (Copy Files Phase) */,
				E7A30F049D2580DA00000000 /* libAccountContext.a in Fake Swift Dependencies (Copy Files Phase) */,
				E7A30F04BF0846EE00000000 /* libActivityIndicator.a in Fake Swift Dependencies (Copy Files Phase) */,
				E7A30F04F523B9DE00000000 /* libAlertUI.a in Fake Swift Dependencies (Copy Files Phase) */,
				E7A30F04E3C578AA00000000 /* libAnimatedStickerNode.a in Fake Swift Dependencies (Copy Files Phase) */,
				E7A30F04AC43662400000000 /* libListSectionHeaderNode.a in Fake Swift Dependencies (Copy Files Phase) */,
				E7A30F04FD72F45600000000 /* libChatListSearchItemHeader.a in Fake Swift Dependencies (Copy Files Phase) */,
				E7A30F04EA9CBB5B00000000 /* libSearchBarNode.a in Fake Swift Dependencies (Copy Files Phase) */,
				E7A30F0407DC840B00000000 /* libChatListSearchItemNode.a in Fake Swift Dependencies (Copy Files Phase) */,
				E7A30F04D6F14E1000000000 /* libImageBlur.a in Fake Swift Dependencies (Copy Files Phase) */,
				E7A30F04CD296A8300000000 /* libTuples.a in Fake Swift Dependencies (Copy Files Phase) */,
				E7A30F043594DCC000000000 /* libStickerResources.a in Fake Swift Dependencies (Copy Files Phase) */,
				E7A30F0434FE8F2900000000 /* libTelegramAnimatedStickerNode.a in Fake Swift Dependencies (Copy Files Phase) */,
				E7A30F04AD66967300000000 /* libReactionSelectionNode.a in Fake Swift Dependencies (Copy Files Phase) */,
				E7A30F04F40A586F00000000 /* libTextSelectionNode.a in Fake Swift Dependencies (Copy Files Phase) */,
				E7A30F046C9831F100000000 /* libContextUI.a in Fake Swift Dependencies (Copy Files Phase) */,
				E7A30F04928D142900000000 /* libPeerOnlineMarkerNode.a in Fake Swift Dependencies (Copy Files Phase) */,
				E7A30F042420028600000000 /* libAnimationUI.a in Fake Swift Dependencies (Copy Files Phase) */,
				E7A30F04A54A195300000000 /* libAvatarNode.a in Fake Swift Dependencies (Copy Files Phase) */,
				E7A30F04097DBE9200000000 /* libSelectablePeerNode.a in Fake Swift Dependencies (Copy Files Phase) */,
				E7A30F0471ED41B100000000 /* libHorizontalPeerItem.a in Fake Swift Dependencies (Copy Files Phase) */,
				E7A30F04C37F741500000000 /* libMergeLists.a in Fake Swift Dependencies (Copy Files Phase) */,
				E7A30F047AB043C800000000 /* libChatListSearchRecentPeersNode.a in Fake Swift Dependencies (Copy Files Phase) */,
				E7A30F04B6F47D1F00000000 /* libChatTitleActivityNode.a in Fake Swift Dependencies (Copy Files Phase) */,
				E7A30F0497B4D6D800000000 /* libCheckNode.a in Fake Swift Dependencies (Copy Files Phase) */,
				E7A30F04CBE117ED00000000 /* libProgressNavigationButtonNode.a in Fake Swift Dependencies (Copy Files Phase) */,
				E7A30F0457B5522500000000 /* libSegmentedControlNode.a in Fake Swift Dependencies (Copy Files Phase) */,
				E7A30F0425BBFEEE00000000 /* libSwitchNode.a in Fake Swift Dependencies (Copy Files Phase) */,
				E7A30F045A26607D00000000 /* libItemListUI.a in Fake Swift Dependencies (Copy Files Phase) */,
				E7A30F04D233F68C00000000 /* libPeerPresenceStatusManager.a in Fake Swift Dependencies (Copy Files Phase) */,
				E7A30F04BBAF750C00000000 /* libOverlayStatusController.a in Fake Swift Dependencies (Copy Files Phase) */,
				E7A30F04524F478E00000000 /* libSolidRoundedButtonNode.a in Fake Swift Dependencies (Copy Files Phase) */,
				E7A30F044E24879B00000000 /* libPresentationDataUtils.a in Fake Swift Dependencies (Copy Files Phase) */,
				E7A30F049A24C4DE00000000 /* libItemListPeerItem.a in Fake Swift Dependencies (Copy Files Phase) */,
				E7A30F0431752C6000000000 /* libContactsPeerItem.a in Fake Swift Dependencies (Copy Files Phase) */,
				E7A30F041328E99400000000 /* libSearchUI.a in Fake Swift Dependencies (Copy Files Phase) */,
				E7A30F041E16CC6C00000000 /* libActionSheetPeerItem.a in Fake Swift Dependencies (Copy Files Phase) */,
				E7A30F043E4DE92B00000000 /* libRadialStatusNode.a in Fake Swift Dependencies (Copy Files Phase) */,
				E7A30F042417E0B200000000 /* libDeviceAccess.a in Fake Swift Dependencies (Copy Files Phase) */,
				E7A30F041D58331200000000 /* libSaveToCameraRoll.a in Fake Swift Dependencies (Copy Files Phase) */,
				E7A30F043551C98400000000 /* libTelegramIntents.a in Fake Swift Dependencies (Copy Files Phase) */,
				E7A30F04597BAFBB00000000 /* libUrlEscaping.a in Fake Swift Dependencies (Copy Files Phase) */,
				E7A30F0481AE180900000000 /* libShareController.a in Fake Swift Dependencies (Copy Files Phase) */,
				E7A30F040DD17C7100000000 /* libTelegramPermissions.a in Fake Swift Dependencies (Copy Files Phase) */,
				E7A30F0488BAAFC800000000 /* libTelegramNotices.a in Fake Swift Dependencies (Copy Files Phase) */,
				E7A30F041631B91900000000 /* libPeersNearbyIconNode.a in Fake Swift Dependencies (Copy Files Phase) */,
				E7A30F04DF758A8500000000 /* libTelegramPermissionsUI.a in Fake Swift Dependencies (Copy Files Phase) */,
				E7A30F042F91702000000000 /* libContactListUI.a in Fake Swift Dependencies (Copy Files Phase) */,
				E7A30F04CED1620500000000 /* libDeleteChatPeerActionSheetItem.a in Fake Swift Dependencies (Copy Files Phase) */,
				E7A30F0405A95CB400000000 /* libItemListPeerActionItem.a in Fake Swift Dependencies (Copy Files Phase) */,
				E7A30F04E220F5E800000000 /* libLanguageSuggestionUI.a in Fake Swift Dependencies (Copy Files Phase) */,
				E7A30F04247D9AC100000000 /* libImageTransparency.a in Fake Swift Dependencies (Copy Files Phase) */,
				E7A30F04B4B05B7A00000000 /* libTinyThumbnail.a in Fake Swift Dependencies (Copy Files Phase) */,
				E7A30F04490601EB00000000 /* libPhotoResources.a in Fake Swift Dependencies (Copy Files Phase) */,
				E7A30F042969635400000000 /* libLiveLocationTimerNode.a in Fake Swift Dependencies (Copy Files Phase) */,
				E7A30F0443136EC600000000 /* libTelegramBaseController.a in Fake Swift Dependencies (Copy Files Phase) */,
				E7A30F04A4AF824500000000 /* libTooltipUI.a in Fake Swift Dependencies (Copy Files Phase) */,
				E7A30F04AE67341000000000 /* libUndoUI.a in Fake Swift Dependencies (Copy Files Phase) */,
			);
			name = "Fake Swift Dependencies (Copy Files Phase)";
			runOnlyForDeploymentPostprocessing = 1;
		};
/* End PBXCopyFilesBuildPhase section */

/* Begin PBXFileReference section */
		1DD70E29001F47FB00000000 /* BUCK */ = {isa = PBXFileReference; explicitFileType = text.script.python; path = BUCK; sourceTree = SOURCE_ROOT; };
		1DD70E290078B62B00000000 /* ChatListUI-Debug.xcconfig */ = {isa = PBXFileReference; explicitFileType = text.xcconfig; name = "ChatListUI-Debug.xcconfig"; path = "../../buck-out/gen/submodules/ChatListUI/ChatListUI-Debug.xcconfig"; sourceTree = SOURCE_ROOT; };
		1DD70E2904D1181B00000000 /* ChatListSelection.swift */ = {isa = PBXFileReference; lastKnownFileType = sourcecode.swift; name = ChatListSelection.swift; path = Sources/ChatListSelection.swift; sourceTree = SOURCE_ROOT; };
		1DD70E2905A95CB400000000 /* libItemListPeerActionItem.a */ = {isa = PBXFileReference; explicitFileType = archive.ar; path = libItemListPeerActionItem.a; sourceTree = BUILT_PRODUCTS_DIR; };
		1DD70E2906CA893E00000000 /* ChatListEmptyNode.swift */ = {isa = PBXFileReference; lastKnownFileType = sourcecode.swift; name = ChatListEmptyNode.swift; path = Sources/ChatListEmptyNode.swift; sourceTree = SOURCE_ROOT; };
		1DD70E2907DC840B00000000 /* libChatListSearchItemNode.a */ = {isa = PBXFileReference; explicitFileType = archive.ar; path = libChatListSearchItemNode.a; sourceTree = BUILT_PRODUCTS_DIR; };
		1DD70E2908F8F72E00000000 /* ChatListFilterPresetController.swift */ = {isa = PBXFileReference; lastKnownFileType = sourcecode.swift; name = ChatListFilterPresetController.swift; path = Sources/ChatListFilterPresetController.swift; sourceTree = SOURCE_ROOT; };
		1DD70E29097DBE9200000000 /* libSelectablePeerNode.a */ = {isa = PBXFileReference; explicitFileType = archive.ar; path = libSelectablePeerNode.a; sourceTree = BUILT_PRODUCTS_DIR; };
		1DD70E290DD17C7100000000 /* libTelegramPermissions.a */ = {isa = PBXFileReference; explicitFileType = archive.ar; path = libTelegramPermissions.a; sourceTree = BUILT_PRODUCTS_DIR; };
		1DD70E290F1A3C6400000000 /* libPlatformRestrictionMatching.a */ = {isa = PBXFileReference; explicitFileType = archive.ar; path = libPlatformRestrictionMatching.a; sourceTree = BUILT_PRODUCTS_DIR; };
		1DD70E29119CDA0700000000 /* libTelegramCore.dylib */ = {isa = PBXFileReference; explicitFileType = "compiled.mach-o.dylib"; path = libTelegramCore.dylib; sourceTree = BUILT_PRODUCTS_DIR; };
		1DD70E291328E99400000000 /* libSearchUI.a */ = {isa = PBXFileReference; explicitFileType = archive.ar; path = libSearchUI.a; sourceTree = BUILT_PRODUCTS_DIR; };
		1DD70E291631B91900000000 /* libPeersNearbyIconNode.a */ = {isa = PBXFileReference; explicitFileType = archive.ar; path = libPeersNearbyIconNode.a; sourceTree = BUILT_PRODUCTS_DIR; };
		1DD70E291D58331200000000 /* libSaveToCameraRoll.a */ = {isa = PBXFileReference; explicitFileType = archive.ar; path = libSaveToCameraRoll.a; sourceTree = BUILT_PRODUCTS_DIR; };
		1DD70E291DDD1A3700000000 /* ChatListUI-Release.xcconfig */ = {isa = PBXFileReference; explicitFileType = text.xcconfig; name = "ChatListUI-Release.xcconfig"; path = "../../buck-out/gen/submodules/ChatListUI/ChatListUI-Release.xcconfig"; sourceTree = SOURCE_ROOT; };
		1DD70E291E16CC6C00000000 /* libActionSheetPeerItem.a */ = {isa = PBXFileReference; explicitFileType = archive.ar; path = libActionSheetPeerItem.a; sourceTree = BUILT_PRODUCTS_DIR; };
		1DD70E292395015100000000 /* libTelegramUIPreferences.a */ = {isa = PBXFileReference; explicitFileType = archive.ar; path = libTelegramUIPreferences.a; sourceTree = BUILT_PRODUCTS_DIR; };
		1DD70E292417E0B200000000 /* libDeviceAccess.a */ = {isa = PBXFileReference; explicitFileType = archive.ar; path = libDeviceAccess.a; sourceTree = BUILT_PRODUCTS_DIR; };
		1DD70E292420028600000000 /* libAnimationUI.a */ = {isa = PBXFileReference; explicitFileType = archive.ar; path = libAnimationUI.a; sourceTree = BUILT_PRODUCTS_DIR; };
		1DD70E29247D9AC100000000 /* libImageTransparency.a */ = {isa = PBXFileReference; explicitFileType = archive.ar; path = libImageTransparency.a; sourceTree = BUILT_PRODUCTS_DIR; };
		1DD70E2925BBFEEE00000000 /* libSwitchNode.a */ = {isa = PBXFileReference; explicitFileType = archive.ar; path = libSwitchNode.a; sourceTree = BUILT_PRODUCTS_DIR; };
		1DD70E2928E77D0F00000000 /* ChatListStatusNode.swift */ = {isa = PBXFileReference; lastKnownFileType = sourcecode.swift; name = ChatListStatusNode.swift; path = Sources/Node/ChatListStatusNode.swift; sourceTree = SOURCE_ROOT; };
		1DD70E292969635400000000 /* libLiveLocationTimerNode.a */ = {isa = PBXFileReference; explicitFileType = archive.ar; path = libLiveLocationTimerNode.a; sourceTree = BUILT_PRODUCTS_DIR; };
		1DD70E292ECB2C1400000000 /* ChatListBadgeNode.swift */ = {isa = PBXFileReference; lastKnownFileType = sourcecode.swift; name = ChatListBadgeNode.swift; path = Sources/Node/ChatListBadgeNode.swift; sourceTree = SOURCE_ROOT; };
		1DD70E292F91702000000000 /* libContactListUI.a */ = {isa = PBXFileReference; explicitFileType = archive.ar; path = libContactListUI.a; sourceTree = BUILT_PRODUCTS_DIR; };
		1DD70E29308FEF0200000000 /* ChatContextMenus.swift */ = {isa = PBXFileReference; lastKnownFileType = sourcecode.swift; name = ChatContextMenus.swift; path = Sources/ChatContextMenus.swift; sourceTree = SOURCE_ROOT; };
		1DD70E2931752C6000000000 /* libContactsPeerItem.a */ = {isa = PBXFileReference; explicitFileType = archive.ar; path = libContactsPeerItem.a; sourceTree = BUILT_PRODUCTS_DIR; };
		1DD70E2934FE8F2900000000 /* libTelegramAnimatedStickerNode.a */ = {isa = PBXFileReference; explicitFileType = archive.ar; path = libTelegramAnimatedStickerNode.a; sourceTree = BUILT_PRODUCTS_DIR; };
		1DD70E293551C98400000000 /* libTelegramIntents.a */ = {isa = PBXFileReference; explicitFileType = archive.ar; path = libTelegramIntents.a; sourceTree = BUILT_PRODUCTS_DIR; };
		1DD70E293594DCC000000000 /* libStickerResources.a */ = {isa = PBXFileReference; explicitFileType = archive.ar; path = libStickerResources.a; sourceTree = BUILT_PRODUCTS_DIR; };
		1DD70E2936DE2CF900000000 /* libMediaResources.a */ = {isa = PBXFileReference; explicitFileType = archive.ar; path = libMediaResources.a; sourceTree = BUILT_PRODUCTS_DIR; };
		1DD70E293CAE4EF300000000 /* ChatListAdditionalCategoryItem.swift */ = {isa = PBXFileReference; lastKnownFileType = sourcecode.swift; name = ChatListAdditionalCategoryItem.swift; path = Sources/ChatListAdditionalCategoryItem.swift; sourceTree = SOURCE_ROOT; };
		1DD70E293E4DE92B00000000 /* libRadialStatusNode.a */ = {isa = PBXFileReference; explicitFileType = archive.ar; path = libRadialStatusNode.a; sourceTree = BUILT_PRODUCTS_DIR; };
		1DD70E2943136EC600000000 /* libTelegramBaseController.a */ = {isa = PBXFileReference; explicitFileType = archive.ar; path = libTelegramBaseController.a; sourceTree = BUILT_PRODUCTS_DIR; };
		1DD70E2943B2E93900000000 /* ChatListControllerNode.swift */ = {isa = PBXFileReference; lastKnownFileType = sourcecode.swift; name = ChatListControllerNode.swift; path = Sources/ChatListControllerNode.swift; sourceTree = SOURCE_ROOT; };
		1DD70E29490601EB00000000 /* libPhotoResources.a */ = {isa = PBXFileReference; explicitFileType = archive.ar; path = libPhotoResources.a; sourceTree = BUILT_PRODUCTS_DIR; };
		1DD70E294E24879B00000000 /* libPresentationDataUtils.a */ = {isa = PBXFileReference; explicitFileType = archive.ar; path = libPresentationDataUtils.a; sourceTree = BUILT_PRODUCTS_DIR; };
		1DD70E294EC20C1300000000 /* ChatListTitleProxyNode.swift */ = {isa = PBXFileReference; lastKnownFileType = sourcecode.swift; name = ChatListTitleProxyNode.swift; path = Sources/ChatListTitleProxyNode.swift; sourceTree = SOURCE_ROOT; };
		1DD70E294FE4316C00000000 /* ChatListFilterPresetListController.swift */ = {isa = PBXFileReference; lastKnownFileType = sourcecode.swift; name = ChatListFilterPresetListController.swift; path = Sources/ChatListFilterPresetListController.swift; sourceTree = SOURCE_ROOT; };
		1DD70E2951398CF200000000 /* libUniversalMediaPlayer.a */ = {isa = PBXFileReference; explicitFileType = archive.ar; path = libUniversalMediaPlayer.a; sourceTree = BUILT_PRODUCTS_DIR; };
		1DD70E29524F478E00000000 /* libSolidRoundedButtonNode.a */ = {isa = PBXFileReference; explicitFileType = archive.ar; path = libSolidRoundedButtonNode.a; sourceTree = BUILT_PRODUCTS_DIR; };
		1DD70E295385342A00000000 /* ChatListSearchContainerNode.swift */ = {isa = PBXFileReference; lastKnownFileType = sourcecode.swift; name = ChatListSearchContainerNode.swift; path = Sources/ChatListSearchContainerNode.swift; sourceTree = SOURCE_ROOT; };
		1DD70E29577C319700000000 /* ChatListController.swift */ = {isa = PBXFileReference; lastKnownFileType = sourcecode.swift; name = ChatListController.swift; path = Sources/ChatListController.swift; sourceTree = SOURCE_ROOT; };
		1DD70E2957B5522500000000 /* libSegmentedControlNode.a */ = {isa = PBXFileReference; explicitFileType = archive.ar; path = libSegmentedControlNode.a; sourceTree = BUILT_PRODUCTS_DIR; };
		1DD70E2958CFD47D00000000 /* libStringPluralization.a */ = {isa = PBXFileReference; explicitFileType = archive.ar; path = libStringPluralization.a; sourceTree = BUILT_PRODUCTS_DIR; };
		1DD70E295915423000000000 /* libDeviceLocationManager.a */ = {isa = PBXFileReference; explicitFileType = archive.ar; path = libDeviceLocationManager.a; sourceTree = BUILT_PRODUCTS_DIR; };
		1DD70E29597BAFBB00000000 /* libUrlEscaping.a */ = {isa = PBXFileReference; explicitFileType = archive.ar; path = libUrlEscaping.a; sourceTree = BUILT_PRODUCTS_DIR; };
		1DD70E295A26607D00000000 /* libItemListUI.a */ = {isa = PBXFileReference; explicitFileType = archive.ar; path = libItemListUI.a; sourceTree = BUILT_PRODUCTS_DIR; };
		1DD70E295C9B85C300000000 /* ChatListFilterPresetCategoryItem.swift */ = {isa = PBXFileReference; lastKnownFileType = sourcecode.swift; name = ChatListFilterPresetCategoryItem.swift; path = Sources/ChatListFilterPresetCategoryItem.swift; sourceTree = SOURCE_ROOT; };
		1DD70E2962D1922E00000000 /* ChatListHoleItem.swift */ = {isa = PBXFileReference; lastKnownFileType = sourcecode.swift; name = ChatListHoleItem.swift; path = Sources/Node/ChatListHoleItem.swift; sourceTree = SOURCE_ROOT; };
		1DD70E296C9831F100000000 /* libContextUI.a */ = {isa = PBXFileReference; explicitFileType = archive.ar; path = libContextUI.a; sourceTree = BUILT_PRODUCTS_DIR; };
		1DD70E296DFD63C200000000 /* libChatListUI.a */ = {isa = PBXFileReference; explicitFileType = archive.ar; path = libChatListUI.a; sourceTree = BUILT_PRODUCTS_DIR; };
		1DD70E2971947DA100000000 /* ChatListFilterTabContainerNode.swift */ = {isa = PBXFileReference; lastKnownFileType = sourcecode.swift; name = ChatListFilterTabContainerNode.swift; path = Sources/ChatListFilterTabContainerNode.swift; sourceTree = SOURCE_ROOT; };
		1DD70E2971ED41B100000000 /* libHorizontalPeerItem.a */ = {isa = PBXFileReference; explicitFileType = archive.ar; path = libHorizontalPeerItem.a; sourceTree = BUILT_PRODUCTS_DIR; };
		1DD70E297A51CDA100000000 /* libSyncCore.dylib */ = {isa = PBXFileReference; explicitFileType = "compiled.mach-o.dylib"; path = libSyncCore.dylib; sourceTree = BUILT_PRODUCTS_DIR; };
		1DD70E297AB043C800000000 /* libChatListSearchRecentPeersNode.a */ = {isa = PBXFileReference; explicitFileType = archive.ar; path = libChatListSearchRecentPeersNode.a; sourceTree = BUILT_PRODUCTS_DIR; };
		1DD70E297D760B8800000000 /* ChatListFilterTabInlineContainerNode.swift */ = {isa = PBXFileReference; lastKnownFileType = sourcecode.swift; name = ChatListFilterTabInlineContainerNode.swift; path = Sources/ChatListFilterTabInlineContainerNode.swift; sourceTree = SOURCE_ROOT; };
		1DD70E297E2E5F8700000000 /* libMarkdown.a */ = {isa = PBXFileReference; explicitFileType = archive.ar; path = libMarkdown.a; sourceTree = BUILT_PRODUCTS_DIR; };
		1DD70E2981AE180900000000 /* libShareController.a */ = {isa = PBXFileReference; explicitFileType = archive.ar; path = libShareController.a; sourceTree = BUILT_PRODUCTS_DIR; };
		1DD70E2984A59C1D00000000 /* libTelegramPresentationData.a */ = {isa = PBXFileReference; explicitFileType = archive.ar; path = libTelegramPresentationData.a; sourceTree = BUILT_PRODUCTS_DIR; };
		1DD70E2988BAAFC800000000 /* libTelegramNotices.a */ = {isa = PBXFileReference; explicitFileType = archive.ar; path = libTelegramNotices.a; sourceTree = BUILT_PRODUCTS_DIR; };
		1DD70E2989C1B99200000000 /* ChatListArchiveInfoItem.swift */ = {isa = PBXFileReference; lastKnownFileType = sourcecode.swift; name = ChatListArchiveInfoItem.swift; path = Sources/Node/ChatListArchiveInfoItem.swift; sourceTree = SOURCE_ROOT; };
		1DD70E298B84481200000000 /* ChatListNodeLocation.swift */ = {isa = PBXFileReference; lastKnownFileType = sourcecode.swift; name = ChatListNodeLocation.swift; path = Sources/Node/ChatListNodeLocation.swift; sourceTree = SOURCE_ROOT; };
		1DD70E29912D4C8D00000000 /* TabBarChatListFilterController.swift */ = {isa = PBXFileReference; lastKnownFileType = sourcecode.swift; name = TabBarChatListFilterController.swift; path = Sources/TabBarChatListFilterController.swift; sourceTree = SOURCE_ROOT; };
		1DD70E29928D142900000000 /* libPeerOnlineMarkerNode.a */ = {isa = PBXFileReference; explicitFileType = archive.ar; path = libPeerOnlineMarkerNode.a; sourceTree = BUILT_PRODUCTS_DIR; };
		1DD70E2993AA1ABD00000000 /* ChatListNodeEntries.swift */ = {isa = PBXFileReference; lastKnownFileType = sourcecode.swift; name = ChatListNodeEntries.swift; path = Sources/Node/ChatListNodeEntries.swift; sourceTree = SOURCE_ROOT; };
		1DD70E299588C17700000000 /* ChatListTitleLockView.swift */ = {isa = PBXFileReference; lastKnownFileType = sourcecode.swift; name = ChatListTitleLockView.swift; path = Sources/ChatListTitleLockView.swift; sourceTree = SOURCE_ROOT; };
		1DD70E29978C105400000000 /* ChatListTypingNode.swift */ = {isa = PBXFileReference; lastKnownFileType = sourcecode.swift; name = ChatListTypingNode.swift; path = Sources/Node/ChatListTypingNode.swift; sourceTree = SOURCE_ROOT; };
		1DD70E2997B4D6D800000000 /* libCheckNode.a */ = {isa = PBXFileReference; explicitFileType = archive.ar; path = libCheckNode.a; sourceTree = BUILT_PRODUCTS_DIR; };
		1DD70E299A24C4DE00000000 /* libItemListPeerItem.a */ = {isa = PBXFileReference; explicitFileType = archive.ar; path = libItemListPeerItem.a; sourceTree = BUILT_PRODUCTS_DIR; };
		1DD70E299D2580DA00000000 /* libAccountContext.a */ = {isa = PBXFileReference; explicitFileType = archive.ar; path = libAccountContext.a; sourceTree = BUILT_PRODUCTS_DIR; };
		1DD70E29A4AF824500000000 /* libTooltipUI.a */ = {isa = PBXFileReference; explicitFileType = archive.ar; path = libTooltipUI.a; sourceTree = BUILT_PRODUCTS_DIR; };
		1DD70E29A54A195300000000 /* libAvatarNode.a */ = {isa = PBXFileReference; explicitFileType = archive.ar; path = libAvatarNode.a; sourceTree = BUILT_PRODUCTS_DIR; };
		1DD70E29AA466ED500000000 /* ChatListUI-Profile.xcconfig */ = {isa = PBXFileReference; explicitFileType = text.xcconfig; name = "ChatListUI-Profile.xcconfig"; path = "../../buck-out/gen/submodules/ChatListUI/ChatListUI-Profile.xcconfig"; sourceTree = SOURCE_ROOT; };
		1DD70E29AA71255F00000000 /* ChatListPresentationData.swift */ = {isa = PBXFileReference; lastKnownFileType = sourcecode.swift; name = ChatListPresentationData.swift; path = Sources/Node/ChatListPresentationData.swift; sourceTree = SOURCE_ROOT; };
		1DD70E29AC43662400000000 /* libListSectionHeaderNode.a */ = {isa = PBXFileReference; explicitFileType = archive.ar; path = libListSectionHeaderNode.a; sourceTree = BUILT_PRODUCTS_DIR; };
		1DD70E29AD66967300000000 /* libReactionSelectionNode.a */ = {isa = PBXFileReference; explicitFileType = archive.ar; path = libReactionSelectionNode.a; sourceTree = BUILT_PRODUCTS_DIR; };
		1DD70E29AE67341000000000 /* libUndoUI.a */ = {isa = PBXFileReference; explicitFileType = archive.ar; path = libUndoUI.a; sourceTree = BUILT_PRODUCTS_DIR; };
		1DD70E29B2B7F8DC00000000 /* libPhoneNumberFormat.a */ = {isa = PBXFileReference; explicitFileType = archive.ar; path = libPhoneNumberFormat.a; sourceTree = BUILT_PRODUCTS_DIR; };
		1DD70E29B4B05B7A00000000 /* libTinyThumbnail.a */ = {isa = PBXFileReference; explicitFileType = archive.ar; path = libTinyThumbnail.a; sourceTree = BUILT_PRODUCTS_DIR; };
		1DD70E29B4C80FFD00000000 /* ChatListNode.swift */ = {isa = PBXFileReference; lastKnownFileType = sourcecode.swift; name = ChatListNode.swift; path = Sources/Node/ChatListNode.swift; sourceTree = SOURCE_ROOT; };
		1DD70E29B6F47D1F00000000 /* libChatTitleActivityNode.a */ = {isa = PBXFileReference; explicitFileType = archive.ar; path = libChatTitleActivityNode.a; sourceTree = BUILT_PRODUCTS_DIR; };
		1DD70E29BA06E3A600000000 /* libTemporaryCachedPeerDataManager.a */ = {isa = PBXFileReference; explicitFileType = archive.ar; path = libTemporaryCachedPeerDataManager.a; sourceTree = BUILT_PRODUCTS_DIR; };
		1DD70E29BBAF750C00000000 /* libOverlayStatusController.a */ = {isa = PBXFileReference; explicitFileType = archive.ar; path = libOverlayStatusController.a; sourceTree = BUILT_PRODUCTS_DIR; };
		1DD70E29BE4AC65500000000 /* ChatListViewTransition.swift */ = {isa = PBXFileReference; lastKnownFileType = sourcecode.swift; name = ChatListViewTransition.swift; path = Sources/Node/ChatListViewTransition.swift; sourceTree = SOURCE_ROOT; };
		1DD70E29BF0846EE00000000 /* libActivityIndicator.a */ = {isa = PBXFileReference; explicitFileType = archive.ar; path = libActivityIndicator.a; sourceTree = BUILT_PRODUCTS_DIR; };
		1DD70E29C172C6F000000000 /* ChatListFilterPresetListSuggestedItem.swift */ = {isa = PBXFileReference; lastKnownFileType = sourcecode.swift; name = ChatListFilterPresetListSuggestedItem.swift; path = Sources/ChatListFilterPresetListSuggestedItem.swift; sourceTree = SOURCE_ROOT; };
		1DD70E29C37F741500000000 /* libMergeLists.a */ = {isa = PBXFileReference; explicitFileType = archive.ar; path = libMergeLists.a; sourceTree = BUILT_PRODUCTS_DIR; };
		1DD70E29CAC7CFE300000000 /* ChatListFilterPresetListItem.swift */ = {isa = PBXFileReference; lastKnownFileType = sourcecode.swift; name = ChatListFilterPresetListItem.swift; path = Sources/ChatListFilterPresetListItem.swift; sourceTree = SOURCE_ROOT; };
		1DD70E29CBE117ED00000000 /* libProgressNavigationButtonNode.a */ = {isa = PBXFileReference; explicitFileType = archive.ar; path = libProgressNavigationButtonNode.a; sourceTree = BUILT_PRODUCTS_DIR; };
		1DD70E29CD296A8300000000 /* libTuples.a */ = {isa = PBXFileReference; explicitFileType = archive.ar; path = libTuples.a; sourceTree = BUILT_PRODUCTS_DIR; };
		1DD70E29CE34063500000000 /* libLocalizedPeerData.a */ = {isa = PBXFileReference; explicitFileType = archive.ar; path = libLocalizedPeerData.a; sourceTree = BUILT_PRODUCTS_DIR; };
		1DD70E29CED1620500000000 /* libDeleteChatPeerActionSheetItem.a */ = {isa = PBXFileReference; explicitFileType = archive.ar; path = libDeleteChatPeerActionSheetItem.a; sourceTree = BUILT_PRODUCTS_DIR; };
		1DD70E29D15C599600000000 /* ChatListFilterSettingsHeaderItem.swift */ = {isa = PBXFileReference; lastKnownFileType = sourcecode.swift; name = ChatListFilterSettingsHeaderItem.swift; path = Sources/ChatListFilterSettingsHeaderItem.swift; sourceTree = SOURCE_ROOT; };
		1DD70E29D233F68C00000000 /* libPeerPresenceStatusManager.a */ = {isa = PBXFileReference; explicitFileType = archive.ar; path = libPeerPresenceStatusManager.a; sourceTree = BUILT_PRODUCTS_DIR; };
		1DD70E29D65BA68200000000 /* libSwiftSignalKit.dylib */ = {isa = PBXFileReference; explicitFileType = "compiled.mach-o.dylib"; path = libSwiftSignalKit.dylib; sourceTree = BUILT_PRODUCTS_DIR; };
		1DD70E29D6F14E1000000000 /* libImageBlur.a */ = {isa = PBXFileReference; explicitFileType = archive.ar; path = libImageBlur.a; sourceTree = BUILT_PRODUCTS_DIR; };
		1DD70E29DB6520C800000000 /* libPostbox.dylib */ = {isa = PBXFileReference; explicitFileType = "compiled.mach-o.dylib"; path = libPostbox.dylib; sourceTree = BUILT_PRODUCTS_DIR; };
		1DD70E29DD3C940F00000000 /* libTelegramStringFormatting.a */ = {isa = PBXFileReference; explicitFileType = archive.ar; path = libTelegramStringFormatting.a; sourceTree = BUILT_PRODUCTS_DIR; };
		1DD70E29DF758A8500000000 /* libTelegramPermissionsUI.a */ = {isa = PBXFileReference; explicitFileType = archive.ar; path = libTelegramPermissionsUI.a; sourceTree = BUILT_PRODUCTS_DIR; };
		1DD70E29E220F5E800000000 /* libLanguageSuggestionUI.a */ = {isa = PBXFileReference; explicitFileType = archive.ar; path = libLanguageSuggestionUI.a; sourceTree = BUILT_PRODUCTS_DIR; };
		1DD70E29E3C20C4E00000000 /* ChatListItem.swift */ = {isa = PBXFileReference; lastKnownFileType = sourcecode.swift; name = ChatListItem.swift; path = Sources/Node/ChatListItem.swift; sourceTree = SOURCE_ROOT; };
		1DD70E29E3C578AA00000000 /* libAnimatedStickerNode.a */ = {isa = PBXFileReference; explicitFileType = archive.ar; path = libAnimatedStickerNode.a; sourceTree = BUILT_PRODUCTS_DIR; };
		1DD70E29E691DAEC00000000 /* ChatListTitleView.swift */ = {isa = PBXFileReference; lastKnownFileType = sourcecode.swift; name = ChatListTitleView.swift; path = Sources/ChatListTitleView.swift; sourceTree = SOURCE_ROOT; };
		1DD70E29EA9CBB5B00000000 /* libSearchBarNode.a */ = {isa = PBXFileReference; explicitFileType = archive.ar; path = libSearchBarNode.a; sourceTree = BUILT_PRODUCTS_DIR; };
		1DD70E29F0C15F9C00000000 /* libTextFormat.a */ = {isa = PBXFileReference; explicitFileType = archive.ar; path = libTextFormat.a; sourceTree = BUILT_PRODUCTS_DIR; };
		1DD70E29F33FDAC300000000 /* libTelegramAudio.a */ = {isa = PBXFileReference; explicitFileType = archive.ar; path = libTelegramAudio.a; sourceTree = BUILT_PRODUCTS_DIR; };
		1DD70E29F38B0ABC00000000 /* ChatListEmptyHeaderItem.swift */ = {isa = PBXFileReference; lastKnownFileType = sourcecode.swift; name = ChatListEmptyHeaderItem.swift; path = Sources/Node/ChatListEmptyHeaderItem.swift; sourceTree = SOURCE_ROOT; };
		1DD70E29F40A586F00000000 /* libTextSelectionNode.a */ = {isa = PBXFileReference; explicitFileType = archive.ar; path = libTextSelectionNode.a; sourceTree = BUILT_PRODUCTS_DIR; };
		1DD70E29F523B9DE00000000 /* libAlertUI.a */ = {isa = PBXFileReference; explicitFileType = archive.ar; path = libAlertUI.a; sourceTree = BUILT_PRODUCTS_DIR; };
		1DD70E29F726BE7600000000 /* ChatListRecentPeersListItem.swift */ = {isa = PBXFileReference; lastKnownFileType = sourcecode.swift; name = ChatListRecentPeersListItem.swift; path = Sources/ChatListRecentPeersListItem.swift; sourceTree = SOURCE_ROOT; };
		1DD70E29FD72F45600000000 /* libChatListSearchItemHeader.a */ = {isa = PBXFileReference; explicitFileType = archive.ar; path = libChatListSearchItemHeader.a; sourceTree = BUILT_PRODUCTS_DIR; };
		1DD70E29FF0A31BE00000000 /* ChatListItemStrings.swift */ = {isa = PBXFileReference; lastKnownFileType = sourcecode.swift; name = ChatListItemStrings.swift; path = Sources/Node/ChatListItemStrings.swift; sourceTree = SOURCE_ROOT; };
		1DD70E29FF334B1F00000000 /* libDisplay.dylib */ = {isa = PBXFileReference; explicitFileType = "compiled.mach-o.dylib"; path = libDisplay.dylib; sourceTree = BUILT_PRODUCTS_DIR; };
		634E88B3245B1E9F007CD07F /* TelegramCore.framework */ = {isa = PBXFileReference; explicitFileType = wrapper.framework; path = TelegramCore.framework; sourceTree = BUILT_PRODUCTS_DIR; };
		634E88B5245B1E9F007CD07F /* SyncCore.framework */ = {isa = PBXFileReference; explicitFileType = wrapper.framework; path = SyncCore.framework; sourceTree = BUILT_PRODUCTS_DIR; };
		634E88B7245B1E9F007CD07F /* Postbox.framework */ = {isa = PBXFileReference; explicitFileType = wrapper.framework; path = Postbox.framework; sourceTree = BUILT_PRODUCTS_DIR; };
		634E88B9245B1E9F007CD07F /* Display.framework */ = {isa = PBXFileReference; explicitFileType = wrapper.framework; path = Display.framework; sourceTree = BUILT_PRODUCTS_DIR; };
		634E88BB245B1E9F007CD07F /* SwiftSignalKit.framework */ = {isa = PBXFileReference; explicitFileType = wrapper.framework; path = SwiftSignalKit.framework; sourceTree = BUILT_PRODUCTS_DIR; };
		6356C43C245BE31900BFFC2B /* CloudVeilSecurityManager.framework */ = {isa = PBXFileReference; lastKnownFileType = wrapper.framework; name = CloudVeilSecurityManager.framework; path = ../../Telegram/CloudVeilSecurityManager.framework; sourceTree = "<group>"; };
/* End PBXFileReference section */

/* Begin PBXFrameworksBuildPhase section */
		634E88B2245B1E97007CD07F /* Frameworks */ = {
			isa = PBXFrameworksBuildPhase;
			buildActionMask = 2147483647;
			files = (
				634E88B4245B1E9F007CD07F /* TelegramCore.framework in Frameworks */,
				6389DF99245BF2B100450397 /* CloudVeil-securityManager-ios in Frameworks */,
				634E88B6245B1E9F007CD07F /* SyncCore.framework in Frameworks */,
				634E88B8245B1E9F007CD07F /* Postbox.framework in Frameworks */,
				634E88BA245B1E9F007CD07F /* Display.framework in Frameworks */,
				634E88BC245B1E9F007CD07F /* SwiftSignalKit.framework in Frameworks */,
			);
			runOnlyForDeploymentPostprocessing = 0;
		};
/* End PBXFrameworksBuildPhase section */

/* Begin PBXGroup section */
		B401C9790025222200000000 /* Node */ = {
			isa = PBXGroup;
			children = (
				1DD70E2989C1B99200000000 /* ChatListArchiveInfoItem.swift */,
				1DD70E292ECB2C1400000000 /* ChatListBadgeNode.swift */,
				1DD70E29F38B0ABC00000000 /* ChatListEmptyHeaderItem.swift */,
				1DD70E2962D1922E00000000 /* ChatListHoleItem.swift */,
				1DD70E29E3C20C4E00000000 /* ChatListItem.swift */,
				1DD70E29FF0A31BE00000000 /* ChatListItemStrings.swift */,
				1DD70E29B4C80FFD00000000 /* ChatListNode.swift */,
				1DD70E2993AA1ABD00000000 /* ChatListNodeEntries.swift */,
				1DD70E298B84481200000000 /* ChatListNodeLocation.swift */,
				1DD70E29AA71255F00000000 /* ChatListPresentationData.swift */,
				1DD70E2928E77D0F00000000 /* ChatListStatusNode.swift */,
				1DD70E29978C105400000000 /* ChatListTypingNode.swift */,
				1DD70E29BE4AC65500000000 /* ChatListViewTransition.swift */,
			);
			name = Node;
			path = Sources/Node;
			sourceTree = SOURCE_ROOT;
		};
		B401C9790758854A00000000 /* ChatListUI */ = {
			isa = PBXGroup;
			children = (
				1DD70E29001F47FB00000000 /* BUCK */,
				B401C979EAB5339800000000 /* Sources */,
			);
			name = ChatListUI;
			sourceTree = "<group>";
		};
		B401C9792F7F325000000000 /* Buck (Do Not Modify) */ = {
			isa = PBXGroup;
			children = (
				1DD70E290078B62B00000000 /* ChatListUI-Debug.xcconfig */,
				1DD70E29AA466ED500000000 /* ChatListUI-Profile.xcconfig */,
				1DD70E291DDD1A3700000000 /* ChatListUI-Release.xcconfig */,
			);
			name = "Buck (Do Not Modify)";
			sourceTree = "<group>";
		};
		B401C97968022A5500000000 /* Frameworks */ = {
			isa = PBXGroup;
			children = (
				6356C43C245BE31900BFFC2B /* CloudVeilSecurityManager.framework */,
				634E88B3245B1E9F007CD07F /* TelegramCore.framework */,
				634E88B5245B1E9F007CD07F /* SyncCore.framework */,
				634E88B7245B1E9F007CD07F /* Postbox.framework */,
				634E88B9245B1E9F007CD07F /* Display.framework */,
				634E88BB245B1E9F007CD07F /* SwiftSignalKit.framework */,
				1DD70E299D2580DA00000000 /* libAccountContext.a */,
				1DD70E291E16CC6C00000000 /* libActionSheetPeerItem.a */,
				1DD70E29BF0846EE00000000 /* libActivityIndicator.a */,
				1DD70E29F523B9DE00000000 /* libAlertUI.a */,
				1DD70E29E3C578AA00000000 /* libAnimatedStickerNode.a */,
				1DD70E292420028600000000 /* libAnimationUI.a */,
				1DD70E29A54A195300000000 /* libAvatarNode.a */,
				1DD70E29FD72F45600000000 /* libChatListSearchItemHeader.a */,
				1DD70E2907DC840B00000000 /* libChatListSearchItemNode.a */,
				1DD70E297AB043C800000000 /* libChatListSearchRecentPeersNode.a */,
				1DD70E29B6F47D1F00000000 /* libChatTitleActivityNode.a */,
				1DD70E2997B4D6D800000000 /* libCheckNode.a */,
				1DD70E292F91702000000000 /* libContactListUI.a */,
				1DD70E2931752C6000000000 /* libContactsPeerItem.a */,
				1DD70E296C9831F100000000 /* libContextUI.a */,
				1DD70E29CED1620500000000 /* libDeleteChatPeerActionSheetItem.a */,
				1DD70E292417E0B200000000 /* libDeviceAccess.a */,
				1DD70E295915423000000000 /* libDeviceLocationManager.a */,
				1DD70E29FF334B1F00000000 /* libDisplay.dylib */,
				1DD70E2971ED41B100000000 /* libHorizontalPeerItem.a */,
				1DD70E29D6F14E1000000000 /* libImageBlur.a */,
				1DD70E29247D9AC100000000 /* libImageTransparency.a */,
				1DD70E2905A95CB400000000 /* libItemListPeerActionItem.a */,
				1DD70E299A24C4DE00000000 /* libItemListPeerItem.a */,
				1DD70E295A26607D00000000 /* libItemListUI.a */,
				1DD70E29E220F5E800000000 /* libLanguageSuggestionUI.a */,
				1DD70E29AC43662400000000 /* libListSectionHeaderNode.a */,
				1DD70E292969635400000000 /* libLiveLocationTimerNode.a */,
				1DD70E29CE34063500000000 /* libLocalizedPeerData.a */,
				1DD70E297E2E5F8700000000 /* libMarkdown.a */,
				1DD70E2936DE2CF900000000 /* libMediaResources.a */,
				1DD70E29C37F741500000000 /* libMergeLists.a */,
				1DD70E29BBAF750C00000000 /* libOverlayStatusController.a */,
				1DD70E29928D142900000000 /* libPeerOnlineMarkerNode.a */,
				1DD70E29D233F68C00000000 /* libPeerPresenceStatusManager.a */,
				1DD70E291631B91900000000 /* libPeersNearbyIconNode.a */,
				1DD70E29B2B7F8DC00000000 /* libPhoneNumberFormat.a */,
				1DD70E29490601EB00000000 /* libPhotoResources.a */,
				1DD70E290F1A3C6400000000 /* libPlatformRestrictionMatching.a */,
				1DD70E29DB6520C800000000 /* libPostbox.dylib */,
				1DD70E294E24879B00000000 /* libPresentationDataUtils.a */,
				1DD70E29CBE117ED00000000 /* libProgressNavigationButtonNode.a */,
				1DD70E293E4DE92B00000000 /* libRadialStatusNode.a */,
				1DD70E29AD66967300000000 /* libReactionSelectionNode.a */,
				1DD70E291D58331200000000 /* libSaveToCameraRoll.a */,
				1DD70E29EA9CBB5B00000000 /* libSearchBarNode.a */,
				1DD70E291328E99400000000 /* libSearchUI.a */,
				1DD70E2957B5522500000000 /* libSegmentedControlNode.a */,
				1DD70E29097DBE9200000000 /* libSelectablePeerNode.a */,
				1DD70E2981AE180900000000 /* libShareController.a */,
				1DD70E29524F478E00000000 /* libSolidRoundedButtonNode.a */,
				1DD70E293594DCC000000000 /* libStickerResources.a */,
				1DD70E2958CFD47D00000000 /* libStringPluralization.a */,
				1DD70E29D65BA68200000000 /* libSwiftSignalKit.dylib */,
				1DD70E2925BBFEEE00000000 /* libSwitchNode.a */,
				1DD70E297A51CDA100000000 /* libSyncCore.dylib */,
				1DD70E2934FE8F2900000000 /* libTelegramAnimatedStickerNode.a */,
				1DD70E29F33FDAC300000000 /* libTelegramAudio.a */,
				1DD70E2943136EC600000000 /* libTelegramBaseController.a */,
				1DD70E29119CDA0700000000 /* libTelegramCore.dylib */,
				1DD70E293551C98400000000 /* libTelegramIntents.a */,
				1DD70E2988BAAFC800000000 /* libTelegramNotices.a */,
				1DD70E290DD17C7100000000 /* libTelegramPermissions.a */,
				1DD70E29DF758A8500000000 /* libTelegramPermissionsUI.a */,
				1DD70E2984A59C1D00000000 /* libTelegramPresentationData.a */,
				1DD70E29DD3C940F00000000 /* libTelegramStringFormatting.a */,
				1DD70E292395015100000000 /* libTelegramUIPreferences.a */,
				1DD70E29BA06E3A600000000 /* libTemporaryCachedPeerDataManager.a */,
				1DD70E29F0C15F9C00000000 /* libTextFormat.a */,
				1DD70E29F40A586F00000000 /* libTextSelectionNode.a */,
				1DD70E29B4B05B7A00000000 /* libTinyThumbnail.a */,
				1DD70E29A4AF824500000000 /* libTooltipUI.a */,
				1DD70E29CD296A8300000000 /* libTuples.a */,
				1DD70E29AE67341000000000 /* libUndoUI.a */,
				1DD70E2951398CF200000000 /* libUniversalMediaPlayer.a */,
				1DD70E29597BAFBB00000000 /* libUrlEscaping.a */,
			);
			name = Frameworks;
			sourceTree = "<group>";
		};
		B401C979B781F65D00000000 /* Configurations */ = {
			isa = PBXGroup;
			children = (
				B401C9792F7F325000000000 /* Buck (Do Not Modify) */,
			);
			name = Configurations;
			sourceTree = "<group>";
		};
		B401C979C806358400000000 /* Products */ = {
			isa = PBXGroup;
			children = (
				1DD70E296DFD63C200000000 /* libChatListUI.a */,
			);
			name = Products;
			sourceTree = "<group>";
		};
		B401C979EAB5339800000000 /* Sources */ = {
			isa = PBXGroup;
			children = (
				B401C9790025222200000000 /* Node */,
				1DD70E29308FEF0200000000 /* ChatContextMenus.swift */,
				1DD70E293CAE4EF300000000 /* ChatListAdditionalCategoryItem.swift */,
				1DD70E29577C319700000000 /* ChatListController.swift */,
				1DD70E2943B2E93900000000 /* ChatListControllerNode.swift */,
				1DD70E2906CA893E00000000 /* ChatListEmptyNode.swift */,
				1DD70E295C9B85C300000000 /* ChatListFilterPresetCategoryItem.swift */,
				1DD70E2908F8F72E00000000 /* ChatListFilterPresetController.swift */,
				1DD70E294FE4316C00000000 /* ChatListFilterPresetListController.swift */,
				1DD70E29CAC7CFE300000000 /* ChatListFilterPresetListItem.swift */,
				1DD70E29C172C6F000000000 /* ChatListFilterPresetListSuggestedItem.swift */,
				1DD70E29D15C599600000000 /* ChatListFilterSettingsHeaderItem.swift */,
				1DD70E2971947DA100000000 /* ChatListFilterTabContainerNode.swift */,
				1DD70E297D760B8800000000 /* ChatListFilterTabInlineContainerNode.swift */,
				1DD70E29F726BE7600000000 /* ChatListRecentPeersListItem.swift */,
				1DD70E295385342A00000000 /* ChatListSearchContainerNode.swift */,
				1DD70E2904D1181B00000000 /* ChatListSelection.swift */,
				1DD70E299588C17700000000 /* ChatListTitleLockView.swift */,
				1DD70E294EC20C1300000000 /* ChatListTitleProxyNode.swift */,
				1DD70E29E691DAEC00000000 /* ChatListTitleView.swift */,
				1DD70E29912D4C8D00000000 /* TabBarChatListFilterController.swift */,
			);
			name = Sources;
			sourceTree = "<group>";
		};
		B401C979EFB6AC4600000000 /* mainGroup */ = {
			isa = PBXGroup;
			children = (
				B401C9790758854A00000000 /* ChatListUI */,
				B401C979B781F65D00000000 /* Configurations */,
				B401C97968022A5500000000 /* Frameworks */,
				B401C979C806358400000000 /* Products */,
			);
			name = mainGroup;
			sourceTree = "<group>";
		};
/* End PBXGroup section */

/* Begin PBXNativeTarget section */
		E66DC04E0758854A00000000 /* ChatListUI */ = {
			isa = PBXNativeTarget;
			buildConfigurationList = 218C37090000000000000000 /* Build configuration list for PBXNativeTarget "ChatListUI" */;
			buildPhases = (
				1870857F0000000000000000 /* Sources */,
				FAF5FAC90000000000000000 /* Fake Swift Dependencies (Copy Files Phase) */,
				634E88B2245B1E97007CD07F /* Frameworks */,
			);
			buildRules = (
			);
			dependencies = (
			);
			name = ChatListUI;
			packageProductDependencies = (
				6389DF98245BF2B100450397 /* CloudVeil-securityManager-ios */,
			);
			productName = ChatListUI;
			productReference = 1DD70E296DFD63C200000000 /* libChatListUI.a */;
			productType = "com.apple.product-type.library.static";
		};
/* End PBXNativeTarget section */

/* Begin PBXProject section */
		96C847930758854A00000000 /* Project object */ = {
			isa = PBXProject;
			attributes = {
				LastUpgradeCheck = 9999;
			};
			buildConfigurationList = 218C37090000000000000001 /* Build configuration list for PBXProject "ChatListUI" */;
			compatibilityVersion = "Xcode 3.2";
			developmentRegion = en;
			hasScannedForEncodings = 0;
			knownRegions = (
				en,
				Base,
			);
			mainGroup = B401C979EFB6AC4600000000 /* mainGroup */;
			packageReferences = (
				6389DF97245BF2B000450397 /* XCRemoteSwiftPackageReference "CloudVeil-securityManager-ios" */,
			);
			projectDirPath = "";
			projectRoot = "";
			targets = (
				E66DC04E0758854A00000000 /* ChatListUI */,
			);
		};
/* End PBXProject section */

/* Begin PBXSourcesBuildPhase section */
		1870857F0000000000000000 /* Sources */ = {
			isa = PBXSourcesBuildPhase;
			buildActionMask = 0;
			files = (
				E7A30F0489C1B99200000000 /* ChatListArchiveInfoItem.swift in Sources */,
				E7A30F042ECB2C1400000000 /* ChatListBadgeNode.swift in Sources */,
				E7A30F04F38B0ABC00000000 /* ChatListEmptyHeaderItem.swift in Sources */,
				E7A30F0462D1922E00000000 /* ChatListHoleItem.swift in Sources */,
				E7A30F04E3C20C4E00000000 /* ChatListItem.swift in Sources */,
				E7A30F04FF0A31BE00000000 /* ChatListItemStrings.swift in Sources */,
				E7A30F04B4C80FFD00000000 /* ChatListNode.swift in Sources */,
				E7A30F0493AA1ABD00000000 /* ChatListNodeEntries.swift in Sources */,
				E7A30F048B84481200000000 /* ChatListNodeLocation.swift in Sources */,
				E7A30F04AA71255F00000000 /* ChatListPresentationData.swift in Sources */,
				E7A30F0428E77D0F00000000 /* ChatListStatusNode.swift in Sources */,
				E7A30F04978C105400000000 /* ChatListTypingNode.swift in Sources */,
				E7A30F04BE4AC65500000000 /* ChatListViewTransition.swift in Sources */,
				E7A30F04308FEF0200000000 /* ChatContextMenus.swift in Sources */,
				E7A30F043CAE4EF300000000 /* ChatListAdditionalCategoryItem.swift in Sources */,
				E7A30F04577C319700000000 /* ChatListController.swift in Sources */,
				E7A30F0443B2E93900000000 /* ChatListControllerNode.swift in Sources */,
				E7A30F0406CA893E00000000 /* ChatListEmptyNode.swift in Sources */,
				E7A30F045C9B85C300000000 /* ChatListFilterPresetCategoryItem.swift in Sources */,
				E7A30F0408F8F72E00000000 /* ChatListFilterPresetController.swift in Sources */,
				E7A30F044FE4316C00000000 /* ChatListFilterPresetListController.swift in Sources */,
				E7A30F04CAC7CFE300000000 /* ChatListFilterPresetListItem.swift in Sources */,
				E7A30F04C172C6F000000000 /* ChatListFilterPresetListSuggestedItem.swift in Sources */,
				E7A30F04D15C599600000000 /* ChatListFilterSettingsHeaderItem.swift in Sources */,
				E7A30F0471947DA100000000 /* ChatListFilterTabContainerNode.swift in Sources */,
				E7A30F047D760B8800000000 /* ChatListFilterTabInlineContainerNode.swift in Sources */,
				E7A30F04F726BE7600000000 /* ChatListRecentPeersListItem.swift in Sources */,
				E7A30F045385342A00000000 /* ChatListSearchContainerNode.swift in Sources */,
				E7A30F0404D1181B00000000 /* ChatListSelection.swift in Sources */,
				E7A30F049588C17700000000 /* ChatListTitleLockView.swift in Sources */,
				E7A30F044EC20C1300000000 /* ChatListTitleProxyNode.swift in Sources */,
				E7A30F04E691DAEC00000000 /* ChatListTitleView.swift in Sources */,
				E7A30F04912D4C8D00000000 /* TabBarChatListFilterController.swift in Sources */,
			);
			runOnlyForDeploymentPostprocessing = 0;
		};
/* End PBXSourcesBuildPhase section */

/* Begin XCBuildConfiguration section */
		4952437303EDA63300000000 /* Debug */ = {
			isa = XCBuildConfiguration;
			baseConfigurationReference = 1DD70E290078B62B00000000 /* ChatListUI-Debug.xcconfig */;
			buildSettings = {
			};
			name = Debug;
		};
		4952437303EDA63300000001 /* Debug */ = {
			isa = XCBuildConfiguration;
			buildSettings = {
			};
			name = Debug;
		};
		4952437350C7218900000000 /* Profile */ = {
			isa = XCBuildConfiguration;
			baseConfigurationReference = 1DD70E29AA466ED500000000 /* ChatListUI-Profile.xcconfig */;
			buildSettings = {
			};
			name = Profile;
		};
		4952437350C7218900000001 /* Profile */ = {
			isa = XCBuildConfiguration;
			buildSettings = {
			};
			name = Profile;
		};
		49524373A439BFE700000000 /* Release */ = {
			isa = XCBuildConfiguration;
			baseConfigurationReference = 1DD70E291DDD1A3700000000 /* ChatListUI-Release.xcconfig */;
			buildSettings = {
			};
			name = Release;
		};
		49524373A439BFE700000001 /* Release */ = {
			isa = XCBuildConfiguration;
			buildSettings = {
			};
			name = Release;
		};
/* End XCBuildConfiguration section */

/* Begin XCConfigurationList section */
		218C37090000000000000000 /* Build configuration list for PBXNativeTarget "ChatListUI" */ = {
			isa = XCConfigurationList;
			buildConfigurations = (
				4952437303EDA63300000000 /* Debug */,
				4952437350C7218900000000 /* Profile */,
				49524373A439BFE700000000 /* Release */,
			);
			defaultConfigurationIsVisible = 0;
			defaultConfigurationName = Release;
		};
		218C37090000000000000001 /* Build configuration list for PBXProject "ChatListUI" */ = {
			isa = XCConfigurationList;
			buildConfigurations = (
				4952437303EDA63300000001 /* Debug */,
				4952437350C7218900000001 /* Profile */,
				49524373A439BFE700000001 /* Release */,
			);
			defaultConfigurationIsVisible = 0;
			defaultConfigurationName = Release;
		};
/* End XCConfigurationList section */

/* Begin XCRemoteSwiftPackageReference section */
		6389DF97245BF2B000450397 /* XCRemoteSwiftPackageReference "CloudVeil-securityManager-ios" */ = {
			isa = XCRemoteSwiftPackageReference;
			repositoryURL = "https://github.com/cloudveiltech/CloudVeil-securityManager-ios";
			requirement = {
				kind = upToNextMajorVersion;
				minimumVersion = 1.0.16;
			};
		};
/* End XCRemoteSwiftPackageReference section */

/* Begin XCSwiftPackageProductDependency section */
		6389DF98245BF2B100450397 /* CloudVeil-securityManager-ios */ = {
			isa = XCSwiftPackageProductDependency;
			package = 6389DF97245BF2B000450397 /* XCRemoteSwiftPackageReference "CloudVeil-securityManager-ios" */;
			productName = "CloudVeil-securityManager-ios";
		};
/* End XCSwiftPackageProductDependency section */
	};
	rootObject = 96C847930758854A00000000 /* Project object */;
}
