// !$*UTF8*$!
{
	archiveVersion = 1;
	classes = {
	};
	objectVersion = 46;
	objects = {

/* Begin PBXBuildFile section */
		63BAB60A245B104F0036EF2F /* DeviceLocationManager.swift in Sources */ = {isa = PBXBuildFile; fileRef = 1DD70E2901DC0E0700000000 /* DeviceLocationManager.swift */; };
		63BAB60F245B11980036EF2F /* SwiftSignalKit.framework in Frameworks */ = {isa = PBXBuildFile; fileRef = 63BAB60E245B11980036EF2F /* SwiftSignalKit.framework */; settings = {ATTRIBUTES = (Weak, ); }; };
/* End PBXBuildFile section */

/* Begin PBXFileReference section */
		1DD70E29001F47FB00000000 /* BUCK */ = {isa = PBXFileReference; explicitFileType = text.script.python; path = BUCK; sourceTree = SOURCE_ROOT; };
		1DD70E2901DC0E0700000000 /* DeviceLocationManager.swift */ = {isa = PBXFileReference; lastKnownFileType = sourcecode.swift; name = DeviceLocationManager.swift; path = Sources/DeviceLocationManager.swift; sourceTree = SOURCE_ROOT; };
		1DD70E2906FD839300000000 /* DeviceLocationManager-Debug.xcconfig */ = {isa = PBXFileReference; explicitFileType = text.xcconfig; name = "DeviceLocationManager-Debug.xcconfig"; path = "../../buck-out/gen/submodules/DeviceLocationManager/DeviceLocationManager-Debug.xcconfig"; sourceTree = SOURCE_ROOT; };
		1DD70E2922CD823D00000000 /* DeviceLocationManager-Profile.xcconfig */ = {isa = PBXFileReference; explicitFileType = text.xcconfig; name = "DeviceLocationManager-Profile.xcconfig"; path = "../../buck-out/gen/submodules/DeviceLocationManager/DeviceLocationManager-Profile.xcconfig"; sourceTree = SOURCE_ROOT; };
		1DD70E295915423000000000 /* libDeviceLocationManager.a */ = {isa = PBXFileReference; explicitFileType = archive.ar; path = libDeviceLocationManager.a; sourceTree = BUILT_PRODUCTS_DIR; };
		1DD70E2996642D9F00000000 /* DeviceLocationManager-Release.xcconfig */ = {isa = PBXFileReference; explicitFileType = text.xcconfig; name = "DeviceLocationManager-Release.xcconfig"; path = "../../buck-out/gen/submodules/DeviceLocationManager/DeviceLocationManager-Release.xcconfig"; sourceTree = SOURCE_ROOT; };
		63BAB60E245B11980036EF2F /* SwiftSignalKit.framework */ = {isa = PBXFileReference; explicitFileType = wrapper.framework; path = SwiftSignalKit.framework; sourceTree = BUILT_PRODUCTS_DIR; };
/* End PBXFileReference section */

/* Begin PBXFrameworksBuildPhase section */
		63BAB60B245B11390036EF2F /* Frameworks */ = {
			isa = PBXFrameworksBuildPhase;
			buildActionMask = 2147483647;
			files = (
				63BAB60F245B11980036EF2F /* SwiftSignalKit.framework in Frameworks */,
			);
			runOnlyForDeploymentPostprocessing = 0;
		};
/* End PBXFrameworksBuildPhase section */

/* Begin PBXGroup section */
		B401C9792F7F325000000000 /* Buck (Do Not Modify) */ = {
			isa = PBXGroup;
			children = (
				1DD70E2906FD839300000000 /* DeviceLocationManager-Debug.xcconfig */,
				1DD70E2922CD823D00000000 /* DeviceLocationManager-Profile.xcconfig */,
				1DD70E2996642D9F00000000 /* DeviceLocationManager-Release.xcconfig */,
			);
			name = "Buck (Do Not Modify)";
			sourceTree = "<group>";
		};
		B401C979468F94E200000000 /* DeviceLocationManager */ = {
			isa = PBXGroup;
			children = (
				1DD70E29001F47FB00000000 /* BUCK */,
				B401C979EAB5339800000000 /* Sources */,
			);
			name = DeviceLocationManager;
			sourceTree = "<group>";
		};
		B401C97968022A5500000000 /* Frameworks */ = {
			isa = PBXGroup;
			children = (
				63BAB60E245B11980036EF2F /* SwiftSignalKit.framework */,
			);
			name = Frameworks;
			sourceTree = "<group>";
		};
		B401C979B781F65D00000000 /* Configurations */ = {
			isa = PBXGroup;
			children = (
				B401C9792F7F325000000000 /* Buck (Do Not Modify) */,
			);
			name = Configurations;
			sourceTree = "<group>";
		};
		B401C979C806358400000000 /* Products */ = {
			isa = PBXGroup;
			children = (
				1DD70E295915423000000000 /* libDeviceLocationManager.a */,
			);
			name = Products;
			sourceTree = "<group>";
		};
		B401C979EAB5339800000000 /* Sources */ = {
			isa = PBXGroup;
			children = (
				1DD70E2901DC0E0700000000 /* DeviceLocationManager.swift */,
			);
			name = Sources;
			sourceTree = "<group>";
		};
		B401C979EFB6AC4600000000 /* mainGroup */ = {
			isa = PBXGroup;
			children = (
				B401C979B781F65D00000000 /* Configurations */,
				B401C979468F94E200000000 /* DeviceLocationManager */,
				B401C97968022A5500000000 /* Frameworks */,
				B401C979C806358400000000 /* Products */,
			);
			name = mainGroup;
			sourceTree = "<group>";
		};
/* End PBXGroup section */

/* Begin PBXNativeTarget section */
		E66DC04E468F94E200000000 /* DeviceLocationManager */ = {
			isa = PBXNativeTarget;
			buildConfigurationList = 218C37090000000000000000 /* Build configuration list for PBXNativeTarget "DeviceLocationManager" */;
			buildPhases = (
				63BAB609245B104C0036EF2F /* Sources */,
				63BAB60B245B11390036EF2F /* Frameworks */,
			);
			buildRules = (
			);
			dependencies = (
			);
			name = DeviceLocationManager;
			productName = DeviceLocationManager;
			productReference = 1DD70E295915423000000000 /* libDeviceLocationManager.a */;
			productType = "com.apple.product-type.library.static";
		};
/* End PBXNativeTarget section */

/* Begin PBXProject section */
		96C84793468F94E200000000 /* Project object */ = {
			isa = PBXProject;
			attributes = {
				LastUpgradeCheck = 9999;
			};
			buildConfigurationList = 218C37090000000000000001 /* Build configuration list for PBXProject "DeviceLocationManager" */;
			compatibilityVersion = "Xcode 3.2";
			developmentRegion = en;
			hasScannedForEncodings = 0;
			knownRegions = (
				en,
				Base,
			);
			mainGroup = B401C979EFB6AC4600000000 /* mainGroup */;
			projectDirPath = "";
			projectRoot = "";
			targets = (
				E66DC04E468F94E200000000 /* DeviceLocationManager */,
			);
		};
/* End PBXProject section */

/* Begin PBXSourcesBuildPhase section */
		63BAB609245B104C0036EF2F /* Sources */ = {
			isa = PBXSourcesBuildPhase;
			buildActionMask = 2147483647;
			files = (
				63BAB60A245B104F0036EF2F /* DeviceLocationManager.swift in Sources */,
			);
			runOnlyForDeploymentPostprocessing = 0;
		};
/* End PBXSourcesBuildPhase section */

/* Begin XCBuildConfiguration section */
		4952437303EDA63300000000 /* Debug */ = {
			isa = XCBuildConfiguration;
			baseConfigurationReference = 1DD70E2906FD839300000000 /* DeviceLocationManager-Debug.xcconfig */;
			buildSettings = {
			};
			name = Debug;
		};
		4952437303EDA63300000001 /* Debug */ = {
			isa = XCBuildConfiguration;
			buildSettings = {
			};
			name = Debug;
		};
		4952437350C7218900000000 /* Profile */ = {
			isa = XCBuildConfiguration;
			baseConfigurationReference = 1DD70E2922CD823D00000000 /* DeviceLocationManager-Profile.xcconfig */;
			buildSettings = {
			};
			name = Profile;
		};
		4952437350C7218900000001 /* Profile */ = {
			isa = XCBuildConfiguration;
			buildSettings = {
			};
			name = Profile;
		};
		49524373A439BFE700000000 /* Release */ = {
			isa = XCBuildConfiguration;
			baseConfigurationReference = 1DD70E2996642D9F00000000 /* DeviceLocationManager-Release.xcconfig */;
			buildSettings = {
			};
			name = Release;
		};
		49524373A439BFE700000001 /* Release */ = {
			isa = XCBuildConfiguration;
			buildSettings = {
			};
			name = Release;
		};
/* End XCBuildConfiguration section */

/* Begin XCConfigurationList section */
		218C37090000000000000000 /* Build configuration list for PBXNativeTarget "DeviceLocationManager" */ = {
			isa = XCConfigurationList;
			buildConfigurations = (
				4952437303EDA63300000000 /* Debug */,
				4952437350C7218900000000 /* Profile */,
				49524373A439BFE700000000 /* Release */,
			);
			defaultConfigurationIsVisible = 0;
			defaultConfigurationName = Release;
		};
		218C37090000000000000001 /* Build configuration list for PBXProject "DeviceLocationManager" */ = {
			isa = XCConfigurationList;
			buildConfigurations = (
				4952437303EDA63300000001 /* Debug */,
				4952437350C7218900000001 /* Profile */,
				49524373A439BFE700000001 /* Release */,
			);
			defaultConfigurationIsVisible = 0;
			defaultConfigurationName = Release;
		};
/* End XCConfigurationList section */
	};
	rootObject = 96C84793468F94E200000000 /* Project object */;
}
